<?xml version="1.0" encoding="utf-8"?>
<Project ToolsVersion="4.0" xmlns="http://schemas.microsoft.com/developer/msbuild/2003">
  <ItemGroup>
    <Filter Include="Generated Files">
      <UniqueIdentifier>{71ED8ED8-ACB9-4CE9-BBE1-E00B30144E11}</UniqueIdentifier>
      <Extensions>cpp;c;cxx;moc;h;def;odl;idl;res;</Extensions>
    </Filter>
    <Filter Include="Generated Files">
      <UniqueIdentifier>{71ED8ED8-ACB9-4CE9-BBE1-E00B30144E11}</UniqueIdentifier>
      <Extensions>cpp;c;cxx;moc;h;def;odl;idl;res;</Extensions>
    </Filter>
    <Filter Include="Header Files">
      <UniqueIdentifier>{93995380-89BD-4b04-88EB-625FBE52EBFB}</UniqueIdentifier>
      <Extensions>h;hpp;hxx;hm;inl;inc;xsd</Extensions>
    </Filter>
    <Filter Include="Header Files">
      <UniqueIdentifier>{93995380-89BD-4b04-88EB-625FBE52EBFB}</UniqueIdentifier>
      <Extensions>h;hpp;hxx;hm;inl;inc;xsd</Extensions>
    </Filter>
    <Filter Include="Resource Files">
      <UniqueIdentifier>{D9D6E242-F8AF-46E4-B9FD-80ECBC20BA3E}</UniqueIdentifier>
      <Extensions>qrc;*</Extensions>
      <ParseFiles>false</ParseFiles>
    </Filter>
    <Filter Include="Resource Files">
      <UniqueIdentifier>{D9D6E242-F8AF-46E4-B9FD-80ECBC20BA3E}</UniqueIdentifier>
      <Extensions>qrc;*</Extensions>
      <ParseFiles>false</ParseFiles>
    </Filter>
    <Filter Include="Source Files">
      <UniqueIdentifier>{4FC737F1-C7A5-4376-A066-2A32D752A2FF}</UniqueIdentifier>
      <Extensions>cpp;c;cxx;def;odl;idl;hpj;bat;asm;asmx</Extensions>
    </Filter>
    <Filter Include="Source Files">
      <UniqueIdentifier>{4FC737F1-C7A5-4376-A066-2A32D752A2FF}</UniqueIdentifier>
      <Extensions>cpp;c;cxx;def;odl;idl;hpj;bat;asm;asmx</Extensions>
    </Filter>
    <Filter Include="Generated Files\Debug">
      <UniqueIdentifier>{d1328b07-7d6c-4c93-ae40-aeee13e46840}</UniqueIdentifier>
      <Extensions>cpp;moc</Extensions>
      <SourceControlFiles>False</SourceControlFiles>
    </Filter>
    <Filter Include="Generated Files\Release">
      <UniqueIdentifier>{9d609246-0b18-47e7-8c49-6d73c7dee66f}</UniqueIdentifier>
      <Extensions>cpp;moc</Extensions>
      <SourceControlFiles>False</SourceControlFiles>
    </Filter>
    <Filter Include="Form Files">
      <UniqueIdentifier>{99349809-55BA-4b9d-BF79-8FDBB0286EB3}</UniqueIdentifier>
      <Extensions>ui</Extensions>
      <ParseFiles>true</ParseFiles>
    </Filter>
  </ItemGroup>
  <ItemGroup>
    <ClCompile Include="basemainwindow.cpp">
      <Filter>Source Files</Filter>
    </ClCompile>
    <ClCompile Include="basepopupwidget.cpp">
      <Filter>Source Files</Filter>
    </ClCompile>
    <ClCompile Include="collapsiblebutton.cpp">
      <Filter>Source Files</Filter>
    </ClCompile>
    <ClCompile Include="dockwindow.cpp">
      <Filter>Source Files</Filter>
    </ClCompile>
    <ClCompile Include="fancylineedit.cpp">
      <Filter>Source Files</Filter>
    </ClCompile>
    <ClCompile Include="filterlineedit.cpp">
      <Filter>Source Files</Filter>
    </ClCompile>
    <ClCompile Include="flowlayout.cpp">
      <Filter>Source Files</Filter>
    </ClCompile>
    <ClCompile Include="iconbutton.cpp">
      <Filter>Source Files</Filter>
    </ClCompile>
    <ClCompile Include="pathlistmodel.cpp">
      <Filter>Source Files</Filter>
    </ClCompile>
    <ClCompile Include="pathlistwidget.cpp">
      <Filter>Source Files</Filter>
    </ClCompile>
    <ClCompile Include="uicollapsiblewidget.cpp">
      <Filter>Source Files</Filter>
    </ClCompile>
    <ClCompile Include="uipopupwidget.cpp">
      <Filter>Source Files</Filter>
    </ClCompile>
    <ClCompile Include="Debug\moc_basemainwindow.cpp">
      <Filter>Generated Files\Debug</Filter>
    </ClCompile>
    <ClCompile Include="Release\moc_basemainwindow.cpp">
      <Filter>Generated Files\Release</Filter>
    </ClCompile>
    <ClCompile Include="Debug\moc_basepopupwidget.cpp">
      <Filter>Generated Files\Debug</Filter>
    </ClCompile>
    <ClCompile Include="Release\moc_basepopupwidget.cpp">
      <Filter>Generated Files\Release</Filter>
    </ClCompile>
    <ClCompile Include="Debug\moc_dockwindow.cpp">
      <Filter>Generated Files\Debug</Filter>
    </ClCompile>
    <ClCompile Include="Release\moc_dockwindow.cpp">
      <Filter>Generated Files\Release</Filter>
    </ClCompile>
    <ClCompile Include="Debug\moc_fancylineedit.cpp">
      <Filter>Generated Files\Debug</Filter>
    </ClCompile>
    <ClCompile Include="Release\moc_fancylineedit.cpp">
      <Filter>Generated Files\Release</Filter>
    </ClCompile>
    <ClCompile Include="Debug\moc_filterlineedit.cpp">
      <Filter>Generated Files\Debug</Filter>
    </ClCompile>
    <ClCompile Include="Release\moc_filterlineedit.cpp">
      <Filter>Generated Files\Release</Filter>
    </ClCompile>
    <ClCompile Include="Debug\moc_iconbutton.cpp">
      <Filter>Generated Files\Debug</Filter>
    </ClCompile>
    <ClCompile Include="Release\moc_iconbutton.cpp">
      <Filter>Generated Files\Release</Filter>
    </ClCompile>
    <ClCompile Include="Debug\moc_pathlistmodel.cpp">
      <Filter>Generated Files\Debug</Filter>
    </ClCompile>
    <ClCompile Include="Release\moc_pathlistmodel.cpp">
      <Filter>Generated Files\Release</Filter>
    </ClCompile>
    <ClCompile Include="Debug\moc_pathlistwidget.cpp">
      <Filter>Generated Files\Debug</Filter>
    </ClCompile>
    <ClCompile Include="Release\moc_pathlistwidget.cpp">
      <Filter>Generated Files\Release</Filter>
    </ClCompile>
    <ClCompile Include="Debug\moc_uicollapsiblewidget.cpp">
      <Filter>Generated Files\Debug</Filter>
    </ClCompile>
    <ClCompile Include="Release\moc_uicollapsiblewidget.cpp">
      <Filter>Generated Files\Release</Filter>
    </ClCompile>
    <ClCompile Include="Debug\moc_uipopupwidget.cpp">
      <Filter>Generated Files\Debug</Filter>
    </ClCompile>
    <ClCompile Include="Release\moc_uipopupwidget.cpp">
      <Filter>Generated Files\Release</Filter>
    </ClCompile>
    <ClCompile Include="GeneratedFiles\qrc_customui.cpp">
      <Filter>Generated Files</Filter>
    </ClCompile>
    <ClCompile Include="Debug\moc_wizard.cpp">
      <Filter>Generated Files\Debug</Filter>
    </ClCompile>
    <ClCompile Include="Release\moc_wizard.cpp">
      <Filter>Generated Files\Release</Filter>
    </ClCompile>
    <ClCompile Include="wizard.cpp">
      <Filter>Header Files</Filter>
    </ClCompile>
    <ClCompile Include="Debug\moc_filewizarddialog.cpp">
      <Filter>Generated Files\Debug</Filter>
    </ClCompile>
    <ClCompile Include="Release\moc_filewizarddialog.cpp">
      <Filter>Generated Files\Release</Filter>
    </ClCompile>
    <ClCompile Include="filewizarddialog.cpp">
      <Filter>Source Files</Filter>
    </ClCompile>
    <ClCompile Include="Debug\moc_filewizardpage.cpp">
      <Filter>Generated Files\Debug</Filter>
    </ClCompile>
    <ClCompile Include="Release\moc_filewizardpage.cpp">
      <Filter>Generated Files\Release</Filter>
    </ClCompile>
    <ClCompile Include="filewizardpage.cpp">
      <Filter>Source Files</Filter>
    </ClCompile>
    <ClCompile Include="Debug\moc_filenamevalidatinglineedit.cpp">
      <Filter>Generated Files\Debug</Filter>
    </ClCompile>
    <ClCompile Include="Release\moc_filenamevalidatinglineedit.cpp">
      <Filter>Generated Files\Release</Filter>
    </ClCompile>
    <ClCompile Include="filenamevalidatinglineedit.cpp">
      <Filter>Source Files</Filter>
    </ClCompile>
    <ClCompile Include="Debug\moc_basevalidatinglineedit.cpp">
      <Filter>Generated Files\Debug</Filter>
    </ClCompile>
    <ClCompile Include="Release\moc_basevalidatinglineedit.cpp">
      <Filter>Generated Files\Release</Filter>
    </ClCompile>
    <ClCompile Include="basevalidatinglineedit.cpp">
      <Filter>Source Files</Filter>
    </ClCompile>
    <ClCompile Include="Debug\moc_pathchooser.cpp">
      <Filter>Generated Files\Debug</Filter>
    </ClCompile>
    <ClCompile Include="Release\moc_pathchooser.cpp">
      <Filter>Generated Files\Release</Filter>
    </ClCompile>
    <ClCompile Include="pathchooser.cpp">
      <Filter>Source Files</Filter>
    </ClCompile>
    <ClCompile Include="styledbar.cpp">
      <Filter>Source Files</Filter>
    </ClCompile>
    <ClCompile Include="Debug\moc_styledbar.cpp">
      <Filter>Generated Files\Debug</Filter>
    </ClCompile>
    <ClCompile Include="Release\moc_styledbar.cpp">
      <Filter>Generated Files\Release</Filter>
    </ClCompile>
  </ItemGroup>
  <ItemGroup>
    <CustomBuild Include="basemainwindow.h">
      <Filter>Header Files</Filter>
    </CustomBuild>
    <CustomBuild Include="basepopupwidget.h">
      <Filter>Header Files</Filter>
    </CustomBuild>
    <CustomBuild Include="collapsiblebutton.h">
      <Filter>Header Files</Filter>
    </CustomBuild>
    <CustomBuild Include="dockwindow.h">
      <Filter>Header Files</Filter>
    </CustomBuild>
    <CustomBuild Include="fancylineedit.h">
      <Filter>Header Files</Filter>
    </CustomBuild>
    <CustomBuild Include="filterlineedit.h">
      <Filter>Header Files</Filter>
    </CustomBuild>
    <CustomBuild Include="iconbutton.h">
      <Filter>Header Files</Filter>
    </CustomBuild>
    <CustomBuild Include="pathlistmodel.h">
      <Filter>Header Files</Filter>
    </CustomBuild>
    <CustomBuild Include="pathlistwidget.h">
      <Filter>Header Files</Filter>
    </CustomBuild>
    <CustomBuild Include="..\..\shared\totem_gui_pch.h">
      <Filter>Header Files</Filter>
    </CustomBuild>
    <CustomBuild Include="uicollapsiblewidget.h">
      <Filter>Header Files</Filter>
    </CustomBuild>
    <CustomBuild Include="uipopupwidget.h">
      <Filter>Header Files</Filter>
    </CustomBuild>
    <CustomBuild Include="wizard.h">
      <Filter>Source Files</Filter>
    </CustomBuild>
    <CustomBuild Include="filewizarddialog.h">
      <Filter>Header Files</Filter>
    </CustomBuild>
    <CustomBuild Include="filewizardpage.h">
      <Filter>Header Files</Filter>
    </CustomBuild>
    <CustomBuild Include="filewizardpage.ui">
      <Filter>Form Files</Filter>
    </CustomBuild>
    <CustomBuild Include="filenamevalidatinglineedit.h">
      <Filter>Header Files</Filter>
    </CustomBuild>
    <CustomBuild Include="basevalidatinglineedit.h">
      <Filter>Header Files</Filter>
    </CustomBuild>
    <CustomBuild Include="pathchooser.h">
      <Filter>Header Files</Filter>
    </CustomBuild>
    <CustomBuild Include="styledbar.h">
      <Filter>Header Files</Filter>
    </CustomBuild>
    <CustomBuild Include="basepopupwidget_p.h">
      <Filter>Generated Files</Filter>
    </CustomBuild>
    <CustomBuild Include="customui_global.h">
      <Filter>Generated Files</Filter>
    </CustomBuild>
    <CustomBuild Include="flowlayout.h">
      <Filter>Generated Files</Filter>
    </CustomBuild>
    <CustomBuild Include="GeneratedFiles\ui_filewizardpage.h">
      <Filter>Generated Files</Filter>
    </CustomBuild>
    <CustomBuild Include="uipopupwidget_p.h">
      <Filter>Generated Files</Filter>
    </CustomBuild>
    <CustomBuild Include="media\add_file.png">
      <Filter>Resource Files</Filter>
    </CustomBuild>
    <CustomBuild Include="media\add_folder.png">
      <Filter>Resource Files</Filter>
    </CustomBuild>
    <CustomBuild Include="media\delete.png">
      <Filter>Resource Files</Filter>
    </CustomBuild>
    <CustomBuild Include="media\editclear.png">
      <Filter>Resource Files</Filter>
    </CustomBuild>
    <CustomBuild Include="media\lt.png">
      <Filter>Resource Files</Filter>
    </CustomBuild>
    <CustomBuild Include="media\rt.png">
      <Filter>Resource Files</Filter>
    </CustomBuild>
    <CustomBuild Include="media\x_down.png">
      <Filter>Resource Files</Filter>
    </CustomBuild>
    <CustomBuild Include="media\x_hover.png">
      <Filter>Resource Files</Filter>
    </CustomBuild>
    <CustomBuild Include="media\x_normal.png">
      <Filter>Resource Files</Filter>
    </CustomBuild>
  </ItemGroup>
  <ItemGroup>
    <ClCompile Include="debug\moc_collapsiblebutton.cpp">
      <Filter>Generated Files</Filter>
    </ClCompile>
    <ClCompile Include="release\moc_collapsiblebutton.cpp">
      <Filter>Generated Files</Filter>
    </ClCompile>
    <ClCompile Include="..\..\shared\totem_gui_pch.h.cpp">
      <Filter>Generated Files</Filter>
    </ClCompile>
  </ItemGroup>
  <ItemGroup>
    <CustomBuild Include="customui.qrc">
      <Filter>Resource Files</Filter>
    </CustomBuild>
  </ItemGroup>
</Project>