
Microsoft Visual Studio Solution File, Format Version 12.00
# Visual Studio 2013
VisualStudioVersion = 12.0.31101.0
MinimumVisualStudioVersion = 10.0.40219.1
Project("{2150E333-8FDC-42A3-9474-1A3956D46DE8}") = "src", "src", "{188B8AC8-B8F9-402D-A6E4-3F91828CB5E5}"
EndProject
Project("{2150E333-8FDC-42A3-9474-1A3956D46DE8}") = "plugins", "plugins", "{6531762E-7E6D-4760-B630-5717E31416B6}"
EndProject
Project("{8BC9CEB8-8B4A-11D0-8D11-00A0C91BC942}") = "Core", "src\plugins\coreplugin\Core.vcxproj", "{25DC0B5E-9C29-341D-AD7D-9108D1E3CC3C}"
	ProjectSection(ProjectDependencies) = postProject
		{83E30E52-6085-3152-BA0D-A6FC8085CA77} = {83E30E52-6085-3152-BA0D-A6FC8085CA77}
		{EC895C56-9F64-4366-A9C0-5F395727A57D} = {EC895C56-9F64-4366-A9C0-5F395727A57D}
		{EACE269C-8D74-4A74-B830-0AA4D2A54B30} = {EACE269C-8D74-4A74-B830-0AA4D2A54B30}
		{F6CD9AB3-BE34-3B66-8F91-4FE0CA6B04EC} = {F6CD9AB3-BE34-3B66-8F91-4FE0CA6B04EC}
		{5EBFDFF9-3EFB-4FF1-B47C-28EC944C7604} = {5EBFDFF9-3EFB-4FF1-B47C-28EC944C7604}
	EndProjectSection
EndProject
Project("{2150E333-8FDC-42A3-9474-1A3956D46DE8}") = "designnet", "designnet", "{96F2FED6-31A9-4041-8767-F72F91968D81}"
EndProject
Project("{2150E333-8FDC-42A3-9474-1A3956D46DE8}") = "tools", "tools", "{0450E564-6717-47F4-AB5E-97598BC0D527}"
EndProject
Project("{8BC9CEB8-8B4A-11D0-8D11-00A0C91BC942}") = "welcome", "src\plugins\welcome\welcome.vcxproj", "{9C98E8A3-B24B-48EF-85F2-F274D67A70A6}"
	ProjectSection(ProjectDependencies) = postProject
		{25DC0B5E-9C29-341D-AD7D-9108D1E3CC3C} = {25DC0B5E-9C29-341D-AD7D-9108D1E3CC3C}
	EndProjectSection
EndProject
Project("{8BC9CEB8-8B4A-11D0-8D11-00A0C91BC942}") = "Aggregation", "src\libs\Aggregation\Aggregation.vcxproj", "{EACE269C-8D74-4A74-B830-0AA4D2A54B30}"
EndProject
Project("{8BC9CEB8-8B4A-11D0-8D11-00A0C91BC942}") = "algrithom", "src\libs\algrithom\algrithom.vcxproj", "{51D8A7BC-1DAB-4EF1-A08E-4299D5E10622}"
EndProject
Project("{8BC9CEB8-8B4A-11D0-8D11-00A0C91BC942}") = "CustomUI", "src\libs\CustomUI\CustomUI.vcxproj", "{83E30E52-6085-3152-BA0D-A6FC8085CA77}"
EndProject
Project("{8BC9CEB8-8B4A-11D0-8D11-00A0C91BC942}") = "ExtensionSystem", "src\libs\extensionsystem\ExtensionSystem.vcxproj", "{F6CD9AB3-BE34-3B66-8F91-4FE0CA6B04EC}"
EndProject
Project("{8BC9CEB8-8B4A-11D0-8D11-00A0C91BC942}") = "GraphicsUI", "src\libs\GraphicsUI\GraphicsUI.vcxproj", "{EC895C56-9F64-4366-A9C0-5F395727A57D}"
	ProjectSection(ProjectDependencies) = postProject
		{5EBFDFF9-3EFB-4FF1-B47C-28EC944C7604} = {5EBFDFF9-3EFB-4FF1-B47C-28EC944C7604}
	EndProjectSection
EndProject
Project("{2150E333-8FDC-42A3-9474-1A3956D46DE8}") = "libs", "libs", "{22D1DA53-31C6-48E2-9914-0F77E92F49F1}"
EndProject
Project("{8BC9CEB8-8B4A-11D0-8D11-00A0C91BC942}") = "TestLib", "src\TestLib\TestLib.vcxproj", "{20A81E9B-9EA4-3957-A8A6-D85F61C521D1}"
	ProjectSection(ProjectDependencies) = postProject
		{83E30E52-6085-3152-BA0D-A6FC8085CA77} = {83E30E52-6085-3152-BA0D-A6FC8085CA77}
		{EC895C56-9F64-4366-A9C0-5F395727A57D} = {EC895C56-9F64-4366-A9C0-5F395727A57D}
		{25DC0B5E-9C29-341D-AD7D-9108D1E3CC3C} = {25DC0B5E-9C29-341D-AD7D-9108D1E3CC3C}
		{EACE269C-8D74-4A74-B830-0AA4D2A54B30} = {EACE269C-8D74-4A74-B830-0AA4D2A54B30}
		{9C98E8A3-B24B-48EF-85F2-F274D67A70A6} = {9C98E8A3-B24B-48EF-85F2-F274D67A70A6}
		{F6CD9AB3-BE34-3B66-8F91-4FE0CA6B04EC} = {F6CD9AB3-BE34-3B66-8F91-4FE0CA6B04EC}
		{51D8A7BC-1DAB-4EF1-A08E-4299D5E10622} = {51D8A7BC-1DAB-4EF1-A08E-4299D5E10622}
		{5EBFDFF9-3EFB-4FF1-B47C-28EC944C7604} = {5EBFDFF9-3EFB-4FF1-B47C-28EC944C7604}
	EndProjectSection
EndProject
Project("{8BC9CEB8-8B4A-11D0-8D11-00A0C91BC942}") = "designnet_core", "src\plugins\designnet\designnet_core\designnet_core.vcxproj", "{E7EE1883-BDDC-47AC-9EF7-0CD2B5456392}"
	ProjectSection(ProjectDependencies) = postProject
		{25DC0B5E-9C29-341D-AD7D-9108D1E3CC3C} = {25DC0B5E-9C29-341D-AD7D-9108D1E3CC3C}
	EndProjectSection
EndProject
Project("{8BC9CEB8-8B4A-11D0-8D11-00A0C91BC942}") = "inputloader", "src\plugins\designnet\tools\inputloader\inputloader.vcxproj", "{2B29DAC5-B9AE-3F74-BA24-047E332E4606}"
EndProject
Project("{8BC9CEB8-8B4A-11D0-8D11-00A0C91BC942}") = "Conversion", "src\plugins\designnet\tools\Conversion\Conversion.vcxproj", "{647D836C-2E96-43B8-8053-59A5F7DBE2BC}"
EndProject
Project("{8BC9CEB8-8B4A-11D0-8D11-00A0C91BC942}") = "Operations", "src\plugins\designnet\tools\Operations\Operations.vcxproj", "{4A4ECD97-1A6D-4A8B-9EAC-BAD5DB21CCA4}"
EndProject
Project("{8BC9CEB8-8B4A-11D0-8D11-00A0C91BC942}") = "FeatureExtraction", "src\plugins\designnet\tools\FeatureExtraction\FeatureExtraction.vcxproj", "{B21249A5-9C85-466C-8286-C64DD021514D}"
EndProject
Project("{8BC9CEB8-8B4A-11D0-8D11-00A0C91BC942}") = "FlowerFeatureExtraction", "src\plugins\designnet\tools\FlowerFeatureExtraction\FlowerFeatureExtraction.vcxproj", "{F955F37D-EC4E-4CBB-B5C1-99101A5D18DD}"
EndProject
Project("{8BC9CEB8-8B4A-11D0-8D11-00A0C91BC942}") = "designnetprojectexplorer", "src\plugins\designnet\designnetprojectexplorer\designnetprojectexplorer.vcxproj", "{D101DA56-5CD2-41B3-9FD6-0E82039185B7}"
	ProjectSection(ProjectDependencies) = postProject
		{E7EE1883-BDDC-47AC-9EF7-0CD2B5456392} = {E7EE1883-BDDC-47AC-9EF7-0CD2B5456392}
	EndProjectSection
EndProject
Project("{8BC9CEB8-8B4A-11D0-8D11-00A0C91BC942}") = "Utils", "src\libs\Utils\Utils.vcxproj", "{5EBFDFF9-3EFB-4FF1-B47C-28EC944C7604}"
EndProject
Project("{8BC9CEB8-8B4A-11D0-8D11-00A0C91BC942}") = "Classifications", "src\plugins\designnet\tools\Classifications\Classifications.vcxproj", "{1D361186-45E8-44C0-BACA-FE067B28FA35}"
EndProject
Project("{8BC9CEB8-8B4A-11D0-8D11-00A0C91BC942}") = "app", "src\app\app.vcxproj", "{BFFBBF6A-687E-4544-B389-BF104F3CEE17}"
EndProject
Project("{8BC9CEB8-8B4A-11D0-8D11-00A0C91BC942}") = "AnimationEditor", "src\plugins\AnimationEditor\AnimationEditor.vcxproj", "{B12702AD-ABFB-343A-A199-8E24837244A3}"
EndProject
Project("{8BC9CEB8-8B4A-11D0-8D11-00A0C91BC942}") = "plugintest", "plugintest\plugintest.vcxproj", "{4D5852D8-F7A2-4CE6-8408-75E75798EFA7}"
EndProject
Global
	GlobalSection(SolutionConfigurationPlatforms) = preSolution
		Debug|Win32 = Debug|Win32
		Release|Win32 = Release|Win32
	EndGlobalSection
	GlobalSection(ProjectConfigurationPlatforms) = postSolution
		{25DC0B5E-9C29-341D-AD7D-9108D1E3CC3C}.Debug|Win32.ActiveCfg = Debug|Win32
		{25DC0B5E-9C29-341D-AD7D-9108D1E3CC3C}.Debug|Win32.Build.0 = Debug|Win32
		{25DC0B5E-9C29-341D-AD7D-9108D1E3CC3C}.Release|Win32.ActiveCfg = Release|Win32
		{25DC0B5E-9C29-341D-AD7D-9108D1E3CC3C}.Release|Win32.Build.0 = Release|Win32
		{9C98E8A3-B24B-48EF-85F2-F274D67A70A6}.Debug|Win32.ActiveCfg = Debug|Win32
		{9C98E8A3-B24B-48EF-85F2-F274D67A70A6}.Debug|Win32.Build.0 = Debug|Win32
		{9C98E8A3-B24B-48EF-85F2-F274D67A70A6}.Release|Win32.ActiveCfg = Release|Win32
		{9C98E8A3-B24B-48EF-85F2-F274D67A70A6}.Release|Win32.Build.0 = Release|Win32
		{EACE269C-8D74-4A74-B830-0AA4D2A54B30}.Debug|Win32.ActiveCfg = Debug|Win32
		{EACE269C-8D74-4A74-B830-0AA4D2A54B30}.Debug|Win32.Build.0 = Debug|Win32
		{EACE269C-8D74-4A74-B830-0AA4D2A54B30}.Release|Win32.ActiveCfg = Release|Win32
		{EACE269C-8D74-4A74-B830-0AA4D2A54B30}.Release|Win32.Build.0 = Release|Win32
		{51D8A7BC-1DAB-4EF1-A08E-4299D5E10622}.Debug|Win32.ActiveCfg = Debug|Win32
		{51D8A7BC-1DAB-4EF1-A08E-4299D5E10622}.Debug|Win32.Build.0 = Debug|Win32
		{51D8A7BC-1DAB-4EF1-A08E-4299D5E10622}.Release|Win32.ActiveCfg = Release|Win32
		{51D8A7BC-1DAB-4EF1-A08E-4299D5E10622}.Release|Win32.Build.0 = Release|Win32
		{83E30E52-6085-3152-BA0D-A6FC8085CA77}.Debug|Win32.ActiveCfg = Debug|Win32
		{83E30E52-6085-3152-BA0D-A6FC8085CA77}.Debug|Win32.Build.0 = Debug|Win32
		{83E30E52-6085-3152-BA0D-A6FC8085CA77}.Release|Win32.ActiveCfg = Release|Win32
		{83E30E52-6085-3152-BA0D-A6FC8085CA77}.Release|Win32.Build.0 = Release|Win32
		{F6CD9AB3-BE34-3B66-8F91-4FE0CA6B04EC}.Debug|Win32.ActiveCfg = Debug|Win32
		{F6CD9AB3-BE34-3B66-8F91-4FE0CA6B04EC}.Debug|Win32.Build.0 = Debug|Win32
		{F6CD9AB3-BE34-3B66-8F91-4FE0CA6B04EC}.Release|Win32.ActiveCfg = Release|Win32
		{F6CD9AB3-BE34-3B66-8F91-4FE0CA6B04EC}.Release|Win32.Build.0 = Release|Win32
		{EC895C56-9F64-4366-A9C0-5F395727A57D}.Debug|Win32.ActiveCfg = Debug|Win32
		{EC895C56-9F64-4366-A9C0-5F395727A57D}.Debug|Win32.Build.0 = Debug|Win32
		{EC895C56-9F64-4366-A9C0-5F395727A57D}.Release|Win32.ActiveCfg = Release|Win32
		{EC895C56-9F64-4366-A9C0-5F395727A57D}.Release|Win32.Build.0 = Release|Win32
		{20A81E9B-9EA4-3957-A8A6-D85F61C521D1}.Debug|Win32.ActiveCfg = Debug|Win32
		{20A81E9B-9EA4-3957-A8A6-D85F61C521D1}.Debug|Win32.Build.0 = Debug|Win32
		{20A81E9B-9EA4-3957-A8A6-D85F61C521D1}.Release|Win32.ActiveCfg = Release|Win32
		{20A81E9B-9EA4-3957-A8A6-D85F61C521D1}.Release|Win32.Build.0 = Release|Win32
		{E7EE1883-BDDC-47AC-9EF7-0CD2B5456392}.Debug|Win32.ActiveCfg = Debug|Win32
		{E7EE1883-BDDC-47AC-9EF7-0CD2B5456392}.Debug|Win32.Build.0 = Debug|Win32
		{E7EE1883-BDDC-47AC-9EF7-0CD2B5456392}.Release|Win32.ActiveCfg = Release|Win32
		{E7EE1883-BDDC-47AC-9EF7-0CD2B5456392}.Release|Win32.Build.0 = Release|Win32
		{2B29DAC5-B9AE-3F74-BA24-047E332E4606}.Debug|Win32.ActiveCfg = Debug|Win32
		{2B29DAC5-B9AE-3F74-BA24-047E332E4606}.Debug|Win32.Build.0 = Debug|Win32
		{2B29DAC5-B9AE-3F74-BA24-047E332E4606}.Release|Win32.ActiveCfg = Release|Win32
		{2B29DAC5-B9AE-3F74-BA24-047E332E4606}.Release|Win32.Build.0 = Release|Win32
		{647D836C-2E96-43B8-8053-59A5F7DBE2BC}.Debug|Win32.ActiveCfg = Debug|Win32
		{647D836C-2E96-43B8-8053-59A5F7DBE2BC}.Debug|Win32.Build.0 = Debug|Win32
		{647D836C-2E96-43B8-8053-59A5F7DBE2BC}.Release|Win32.ActiveCfg = Release|Win32
		{647D836C-2E96-43B8-8053-59A5F7DBE2BC}.Release|Win32.Build.0 = Release|Win32
		{4A4ECD97-1A6D-4A8B-9EAC-BAD5DB21CCA4}.Debug|Win32.ActiveCfg = Debug|Win32
		{4A4ECD97-1A6D-4A8B-9EAC-BAD5DB21CCA4}.Debug|Win32.Build.0 = Debug|Win32
		{4A4ECD97-1A6D-4A8B-9EAC-BAD5DB21CCA4}.Release|Win32.ActiveCfg = Release|Win32
		{4A4ECD97-1A6D-4A8B-9EAC-BAD5DB21CCA4}.Release|Win32.Build.0 = Release|Win32
		{B21249A5-9C85-466C-8286-C64DD021514D}.Debug|Win32.ActiveCfg = Debug|Win32
		{B21249A5-9C85-466C-8286-C64DD021514D}.Debug|Win32.Build.0 = Debug|Win32
		{B21249A5-9C85-466C-8286-C64DD021514D}.Release|Win32.ActiveCfg = Release|Win32
		{B21249A5-9C85-466C-8286-C64DD021514D}.Release|Win32.Build.0 = Release|Win32
		{F955F37D-EC4E-4CBB-B5C1-99101A5D18DD}.Debug|Win32.ActiveCfg = Debug|Win32
		{F955F37D-EC4E-4CBB-B5C1-99101A5D18DD}.Debug|Win32.Build.0 = Debug|Win32
		{F955F37D-EC4E-4CBB-B5C1-99101A5D18DD}.Release|Win32.ActiveCfg = Release|Win32
		{F955F37D-EC4E-4CBB-B5C1-99101A5D18DD}.Release|Win32.Build.0 = Release|Win32
		{D101DA56-5CD2-41B3-9FD6-0E82039185B7}.Debug|Win32.ActiveCfg = Debug|Win32
		{D101DA56-5CD2-41B3-9FD6-0E82039185B7}.Debug|Win32.Build.0 = Debug|Win32
		{D101DA56-5CD2-41B3-9FD6-0E82039185B7}.Release|Win32.ActiveCfg = Release|Win32
		{D101DA56-5CD2-41B3-9FD6-0E82039185B7}.Release|Win32.Build.0 = Release|Win32
		{5EBFDFF9-3EFB-4FF1-B47C-28EC944C7604}.Debug|Win32.ActiveCfg = Debug|Win32
		{5EBFDFF9-3EFB-4FF1-B47C-28EC944C7604}.Debug|Win32.Build.0 = Debug|Win32
		{5EBFDFF9-3EFB-4FF1-B47C-28EC944C7604}.Release|Win32.ActiveCfg = Release|Win32
		{5EBFDFF9-3EFB-4FF1-B47C-28EC944C7604}.Release|Win32.Build.0 = Release|Win32
		{1D361186-45E8-44C0-BACA-FE067B28FA35}.Debug|Win32.ActiveCfg = Debug|Win32
		{1D361186-45E8-44C0-BACA-FE067B28FA35}.Debug|Win32.Build.0 = Debug|Win32
		{1D361186-45E8-44C0-BACA-FE067B28FA35}.Release|Win32.ActiveCfg = Release|Win32
		{1D361186-45E8-44C0-BACA-FE067B28FA35}.Release|Win32.Build.0 = Release|Win32
		{BFFBBF6A-687E-4544-B389-BF104F3CEE17}.Debug|Win32.ActiveCfg = Debug|Win32
		{BFFBBF6A-687E-4544-B389-BF104F3CEE17}.Debug|Win32.Build.0 = Debug|Win32
		{BFFBBF6A-687E-4544-B389-BF104F3CEE17}.Release|Win32.ActiveCfg = Release|Win32
		{BFFBBF6A-687E-4544-B389-BF104F3CEE17}.Release|Win32.Build.0 = Release|Win32
		{B12702AD-ABFB-343A-A199-8E24837244A3}.Debug|Win32.ActiveCfg = Debug|Win32
		{B12702AD-ABFB-343A-A199-8E24837244A3}.Debug|Win32.Build.0 = Debug|Win32
		{B12702AD-ABFB-343A-A199-8E24837244A3}.Release|Win32.ActiveCfg = Release|Win32
		{B12702AD-ABFB-343A-A199-8E24837244A3}.Release|Win32.Build.0 = Release|Win32
		{4D5852D8-F7A2-4CE6-8408-75E75798EFA7}.Debug|Win32.ActiveCfg = Debug|Win32
		{4D5852D8-F7A2-4CE6-8408-75E75798EFA7}.Debug|Win32.Build.0 = Debug|Win32
		{4D5852D8-F7A2-4CE6-8408-75E75798EFA7}.Release|Win32.ActiveCfg = Release|Win32
		{4D5852D8-F7A2-4CE6-8408-75E75798EFA7}.Release|Win32.Build.0 = Release|Win32
	EndGlobalSection
	GlobalSection(SolutionProperties) = preSolution
		HideSolutionNode = FALSE
	EndGlobalSection
	GlobalSection(NestedProjects) = preSolution
		{6531762E-7E6D-4760-B630-5717E31416B6} = {188B8AC8-B8F9-402D-A6E4-3F91828CB5E5}
		{25DC0B5E-9C29-341D-AD7D-9108D1E3CC3C} = {6531762E-7E6D-4760-B630-5717E31416B6}
		{96F2FED6-31A9-4041-8767-F72F91968D81} = {6531762E-7E6D-4760-B630-5717E31416B6}
		{0450E564-6717-47F4-AB5E-97598BC0D527} = {96F2FED6-31A9-4041-8767-F72F91968D81}
		{9C98E8A3-B24B-48EF-85F2-F274D67A70A6} = {6531762E-7E6D-4760-B630-5717E31416B6}
		{EACE269C-8D74-4A74-B830-0AA4D2A54B30} = {22D1DA53-31C6-48E2-9914-0F77E92F49F1}
		{51D8A7BC-1DAB-4EF1-A08E-4299D5E10622} = {22D1DA53-31C6-48E2-9914-0F77E92F49F1}
		{83E30E52-6085-3152-BA0D-A6FC8085CA77} = {22D1DA53-31C6-48E2-9914-0F77E92F49F1}
		{F6CD9AB3-BE34-3B66-8F91-4FE0CA6B04EC} = {22D1DA53-31C6-48E2-9914-0F77E92F49F1}
		{EC895C56-9F64-4366-A9C0-5F395727A57D} = {22D1DA53-31C6-48E2-9914-0F77E92F49F1}
		{22D1DA53-31C6-48E2-9914-0F77E92F49F1} = {188B8AC8-B8F9-402D-A6E4-3F91828CB5E5}
		{E7EE1883-BDDC-47AC-9EF7-0CD2B5456392} = {96F2FED6-31A9-4041-8767-F72F91968D81}
		{2B29DAC5-B9AE-3F74-BA24-047E332E4606} = {0450E564-6717-47F4-AB5E-97598BC0D527}
		{647D836C-2E96-43B8-8053-59A5F7DBE2BC} = {0450E564-6717-47F4-AB5E-97598BC0D527}
		{4A4ECD97-1A6D-4A8B-9EAC-BAD5DB21CCA4} = {0450E564-6717-47F4-AB5E-97598BC0D527}
		{B21249A5-9C85-466C-8286-C64DD021514D} = {0450E564-6717-47F4-AB5E-97598BC0D527}
		{F955F37D-EC4E-4CBB-B5C1-99101A5D18DD} = {0450E564-6717-47F4-AB5E-97598BC0D527}
		{D101DA56-5CD2-41B3-9FD6-0E82039185B7} = {96F2FED6-31A9-4041-8767-F72F91968D81}
		{5EBFDFF9-3EFB-4FF1-B47C-28EC944C7604} = {22D1DA53-31C6-48E2-9914-0F77E92F49F1}
		{1D361186-45E8-44C0-BACA-FE067B28FA35} = {0450E564-6717-47F4-AB5E-97598BC0D527}
		{BFFBBF6A-687E-4544-B389-BF104F3CEE17} = {188B8AC8-B8F9-402D-A6E4-3F91828CB5E5}
		{B12702AD-ABFB-343A-A199-8E24837244A3} = {6531762E-7E6D-4760-B630-5717E31416B6}
		{4D5852D8-F7A2-4CE6-8408-75E75798EFA7} = {6531762E-7E6D-4760-B630-5717E31416B6}
	EndGlobalSection
	GlobalSection(ExtensibilityGlobals) = postSolution
		Qt5Version = 4.8.5
		QtVersion = 4.8.5
	EndGlobalSection
EndGlobal
