
Microsoft Visual Studio Solution File, Format Version 11.00
# Visual Studio 2010
Project("{2150E333-8FDC-42A3-9474-1A3956D46DE8}") = "src", "src", "{188B8AC8-B8F9-402D-A6E4-3F91828CB5E5}"
EndProject
Project("{8BC9CEB8-8B4A-11D0-8D11-00A0C91BC942}") = "app", "src\app\app.vcxproj", "{BFFBBF6A-687E-4544-B389-BF104F3CEE17}"
	ProjectSection(ProjectDependencies) = postProject
		{EC895C56-9F64-4366-A9C0-5F395727A57D} = {EC895C56-9F64-4366-A9C0-5F395727A57D}
		{EACE269C-8D74-4A74-B830-0AA4D2A54B30} = {EACE269C-8D74-4A74-B830-0AA4D2A54B30}
		{5EBFDFF9-3EFB-4FF1-B47C-28EC944C7604} = {5EBFDFF9-3EFB-4FF1-B47C-28EC944C7604}
	EndProjectSection
EndProject
Project("{2150E333-8FDC-42A3-9474-1A3956D46DE8}") = "libs", "libs", "{8241FD1F-F2F4-4803-842E-337BC760C1F8}"
EndProject
Project("{8BC9CEB8-8B4A-11D0-8D11-00A0C91BC942}") = "Aggregation", "src\libs\Aggregation\Aggregation.vcxproj", "{EACE269C-8D74-4A74-B830-0AA4D2A54B30}"
EndProject
Project("{2150E333-8FDC-42A3-9474-1A3956D46DE8}") = "shared", "shared", "{8EC0F2DA-D391-4BBE-85CD-D4FA0846831F}"
	ProjectSection(SolutionItems) = preProject
		src\shared\totem_gui_pch.h = src\shared\totem_gui_pch.h
		src\shared\totem_pch.h = src\shared\totem_pch.h
	EndProjectSection
EndProject
Project("{2150E333-8FDC-42A3-9474-1A3956D46DE8}") = "qtlockedfile", "qtlockedfile", "{55A9C3AB-A36F-4481-AA63-D397F201E9F5}"
	ProjectSection(SolutionItems) = preProject
		src\shared\qtlockedfile\qtlockedfile.cpp = src\shared\qtlockedfile\qtlockedfile.cpp
		src\shared\qtlockedfile\qtlockedfile.h = src\shared\qtlockedfile\qtlockedfile.h
		src\shared\qtlockedfile\qtlockedfile_unix.cpp = src\shared\qtlockedfile\qtlockedfile_unix.cpp
		src\shared\qtlockedfile\qtlockedfile_win.cpp = src\shared\qtlockedfile\qtlockedfile_win.cpp
	EndProjectSection
EndProject
Project("{2150E333-8FDC-42A3-9474-1A3956D46DE8}") = "qtsingleapplication", "qtsingleapplication", "{D07E01FB-FB62-4D06-8434-9649199D0E50}"
	ProjectSection(SolutionItems) = preProject
		src\shared\qtsingleapplication\qtlocalpeer.cpp = src\shared\qtsingleapplication\qtlocalpeer.cpp
		src\shared\qtsingleapplication\qtlocalpeer.h = src\shared\qtsingleapplication\qtlocalpeer.h
		src\shared\qtsingleapplication\qtsingleapplication.cpp = src\shared\qtsingleapplication\qtsingleapplication.cpp
		src\shared\qtsingleapplication\qtsingleapplication.h = src\shared\qtsingleapplication\qtsingleapplication.h
		src\shared\qtsingleapplication\qtsinglecoreapplication.cpp = src\shared\qtsingleapplication\qtsinglecoreapplication.cpp
		src\shared\qtsingleapplication\qtsinglecoreapplication.h = src\shared\qtsingleapplication\qtsinglecoreapplication.h
	EndProjectSection
EndProject
Project("{8BC9CEB8-8B4A-11D0-8D11-00A0C91BC942}") = "GraphicsUI", "src\libs\GraphicsUI\GraphicsUI.vcxproj", "{EC895C56-9F64-4366-A9C0-5F395727A57D}"
	ProjectSection(ProjectDependencies) = postProject
		{5EBFDFF9-3EFB-4FF1-B47C-28EC944C7604} = {5EBFDFF9-3EFB-4FF1-B47C-28EC944C7604}
	EndProjectSection
EndProject
Project("{8BC9CEB8-8B4A-11D0-8D11-00A0C91BC942}") = "Utils", "src\libs\Utils\Utils.vcxproj", "{5EBFDFF9-3EFB-4FF1-B47C-28EC944C7604}"
EndProject
Project("{8BC9CEB8-8B4A-11D0-8D11-00A0C91BC942}") = "ExtensionSystem", "src\libs\extensionsystem\ExtensionSystem.vcxproj", "{F6CD9AB3-BE34-3B66-8F91-4FE0CA6B04EC}"
EndProject
Project("{2150E333-8FDC-42A3-9474-1A3956D46DE8}") = "plugins", "plugins", "{6531762E-7E6D-4760-B630-5717E31416B6}"
EndProject
Project("{8BC9CEB8-8B4A-11D0-8D11-00A0C91BC942}") = "Core", "src\plugins\coreplugin\Core.vcxproj", "{25DC0B5E-9C29-341D-AD7D-9108D1E3CC3C}"
EndProject
Project("{8BC9CEB8-8B4A-11D0-8D11-00A0C91BC942}") = "CustomUI", "src\libs\CustomUI\CustomUI.vcxproj", "{83E30E52-6085-3152-BA0D-A6FC8085CA77}"
EndProject
Project("{2150E333-8FDC-42A3-9474-1A3956D46DE8}") = "designnet", "designnet", "{96F2FED6-31A9-4041-8767-F72F91968D81}"
EndProject
Project("{8BC9CEB8-8B4A-11D0-8D11-00A0C91BC942}") = "designnet_core", "src\plugins\designnetplugin\designnet_core\designnet_core.vcxproj", "{37168BD1-F535-3E7A-B140-C8A3BD59E8BF}"
	ProjectSection(ProjectDependencies) = postProject
		{83E30E52-6085-3152-BA0D-A6FC8085CA77} = {83E30E52-6085-3152-BA0D-A6FC8085CA77}
		{EC895C56-9F64-4366-A9C0-5F395727A57D} = {EC895C56-9F64-4366-A9C0-5F395727A57D}
		{25DC0B5E-9C29-341D-AD7D-9108D1E3CC3C} = {25DC0B5E-9C29-341D-AD7D-9108D1E3CC3C}
		{EACE269C-8D74-4A74-B830-0AA4D2A54B30} = {EACE269C-8D74-4A74-B830-0AA4D2A54B30}
		{F6CD9AB3-BE34-3B66-8F91-4FE0CA6B04EC} = {F6CD9AB3-BE34-3B66-8F91-4FE0CA6B04EC}
		{5EBFDFF9-3EFB-4FF1-B47C-28EC944C7604} = {5EBFDFF9-3EFB-4FF1-B47C-28EC944C7604}
	EndProjectSection
EndProject
Project("{2150E333-8FDC-42A3-9474-1A3956D46DE8}") = "tools", "tools", "{0450E564-6717-47F4-AB5E-97598BC0D527}"
EndProject
Project("{8BC9CEB8-8B4A-11D0-8D11-00A0C91BC942}") = "inputloader", "src\plugins\designnetplugin\tools\inputloader\inputloader.vcxproj", "{2B29DAC5-B9AE-3F74-BA24-047E332E4606}"
	ProjectSection(ProjectDependencies) = postProject
		{25DC0B5E-9C29-341D-AD7D-9108D1E3CC3C} = {25DC0B5E-9C29-341D-AD7D-9108D1E3CC3C}
		{37168BD1-F535-3E7A-B140-C8A3BD59E8BF} = {37168BD1-F535-3E7A-B140-C8A3BD59E8BF}
	EndProjectSection
EndProject
Project("{8BC9CEB8-8B4A-11D0-8D11-00A0C91BC942}") = "test", "src\test\test.vcxproj", "{4090891C-86BB-4496-9956-3ABD59540C73}"
EndProject
Global
	GlobalSection(SolutionConfigurationPlatforms) = preSolution
		Debug|Win32 = Debug|Win32
		Release|Win32 = Release|Win32
	EndGlobalSection
	GlobalSection(ProjectConfigurationPlatforms) = postSolution
		{BFFBBF6A-687E-4544-B389-BF104F3CEE17}.Debug|Win32.ActiveCfg = Debug|Win32
		{BFFBBF6A-687E-4544-B389-BF104F3CEE17}.Debug|Win32.Build.0 = Debug|Win32
		{BFFBBF6A-687E-4544-B389-BF104F3CEE17}.Release|Win32.ActiveCfg = Release|Win32
		{BFFBBF6A-687E-4544-B389-BF104F3CEE17}.Release|Win32.Build.0 = Release|Win32
		{EACE269C-8D74-4A74-B830-0AA4D2A54B30}.Debug|Win32.ActiveCfg = Debug|Win32
		{EACE269C-8D74-4A74-B830-0AA4D2A54B30}.Debug|Win32.Build.0 = Debug|Win32
		{EACE269C-8D74-4A74-B830-0AA4D2A54B30}.Release|Win32.ActiveCfg = Release|Win32
		{EACE269C-8D74-4A74-B830-0AA4D2A54B30}.Release|Win32.Build.0 = Release|Win32
		{EC895C56-9F64-4366-A9C0-5F395727A57D}.Debug|Win32.ActiveCfg = Debug|Win32
		{EC895C56-9F64-4366-A9C0-5F395727A57D}.Debug|Win32.Build.0 = Debug|Win32
		{EC895C56-9F64-4366-A9C0-5F395727A57D}.Release|Win32.ActiveCfg = Release|Win32
		{EC895C56-9F64-4366-A9C0-5F395727A57D}.Release|Win32.Build.0 = Release|Win32
		{5EBFDFF9-3EFB-4FF1-B47C-28EC944C7604}.Debug|Win32.ActiveCfg = Debug|Win32
		{5EBFDFF9-3EFB-4FF1-B47C-28EC944C7604}.Debug|Win32.Build.0 = Debug|Win32
		{5EBFDFF9-3EFB-4FF1-B47C-28EC944C7604}.Release|Win32.ActiveCfg = Release|Win32
		{5EBFDFF9-3EFB-4FF1-B47C-28EC944C7604}.Release|Win32.Build.0 = Release|Win32
		{F6CD9AB3-BE34-3B66-8F91-4FE0CA6B04EC}.Debug|Win32.ActiveCfg = Debug|Win32
		{F6CD9AB3-BE34-3B66-8F91-4FE0CA6B04EC}.Debug|Win32.Build.0 = Debug|Win32
		{F6CD9AB3-BE34-3B66-8F91-4FE0CA6B04EC}.Release|Win32.ActiveCfg = Release|Win32
		{F6CD9AB3-BE34-3B66-8F91-4FE0CA6B04EC}.Release|Win32.Build.0 = Release|Win32
		{25DC0B5E-9C29-341D-AD7D-9108D1E3CC3C}.Debug|Win32.ActiveCfg = Debug|Win32
		{25DC0B5E-9C29-341D-AD7D-9108D1E3CC3C}.Debug|Win32.Build.0 = Debug|Win32
		{25DC0B5E-9C29-341D-AD7D-9108D1E3CC3C}.Release|Win32.ActiveCfg = Release|Win32
		{25DC0B5E-9C29-341D-AD7D-9108D1E3CC3C}.Release|Win32.Build.0 = Release|Win32
		{83E30E52-6085-3152-BA0D-A6FC8085CA77}.Debug|Win32.ActiveCfg = Debug|Win32
		{83E30E52-6085-3152-BA0D-A6FC8085CA77}.Debug|Win32.Build.0 = Debug|Win32
		{83E30E52-6085-3152-BA0D-A6FC8085CA77}.Release|Win32.ActiveCfg = Release|Win32
		{83E30E52-6085-3152-BA0D-A6FC8085CA77}.Release|Win32.Build.0 = Release|Win32
		{37168BD1-F535-3E7A-B140-C8A3BD59E8BF}.Debug|Win32.ActiveCfg = Debug|Win32
		{37168BD1-F535-3E7A-B140-C8A3BD59E8BF}.Debug|Win32.Build.0 = Debug|Win32
		{37168BD1-F535-3E7A-B140-C8A3BD59E8BF}.Release|Win32.ActiveCfg = Release|Win32
		{37168BD1-F535-3E7A-B140-C8A3BD59E8BF}.Release|Win32.Build.0 = Release|Win32
		{2B29DAC5-B9AE-3F74-BA24-047E332E4606}.Debug|Win32.ActiveCfg = Debug|Win32
		{2B29DAC5-B9AE-3F74-BA24-047E332E4606}.Debug|Win32.Build.0 = Debug|Win32
		{2B29DAC5-B9AE-3F74-BA24-047E332E4606}.Release|Win32.ActiveCfg = Release|Win32
		{2B29DAC5-B9AE-3F74-BA24-047E332E4606}.Release|Win32.Build.0 = Release|Win32
		{4090891C-86BB-4496-9956-3ABD59540C73}.Debug|Win32.ActiveCfg = Debug|Win32
		{4090891C-86BB-4496-9956-3ABD59540C73}.Debug|Win32.Build.0 = Debug|Win32
		{4090891C-86BB-4496-9956-3ABD59540C73}.Release|Win32.ActiveCfg = Release|Win32
		{4090891C-86BB-4496-9956-3ABD59540C73}.Release|Win32.Build.0 = Release|Win32
	EndGlobalSection
	GlobalSection(SolutionProperties) = preSolution
		HideSolutionNode = FALSE
	EndGlobalSection
	GlobalSection(NestedProjects) = preSolution
		{BFFBBF6A-687E-4544-B389-BF104F3CEE17} = {188B8AC8-B8F9-402D-A6E4-3F91828CB5E5}
		{8241FD1F-F2F4-4803-842E-337BC760C1F8} = {188B8AC8-B8F9-402D-A6E4-3F91828CB5E5}
		{8EC0F2DA-D391-4BBE-85CD-D4FA0846831F} = {188B8AC8-B8F9-402D-A6E4-3F91828CB5E5}
		{6531762E-7E6D-4760-B630-5717E31416B6} = {188B8AC8-B8F9-402D-A6E4-3F91828CB5E5}
		{4090891C-86BB-4496-9956-3ABD59540C73} = {188B8AC8-B8F9-402D-A6E4-3F91828CB5E5}
		{EACE269C-8D74-4A74-B830-0AA4D2A54B30} = {8241FD1F-F2F4-4803-842E-337BC760C1F8}
		{EC895C56-9F64-4366-A9C0-5F395727A57D} = {8241FD1F-F2F4-4803-842E-337BC760C1F8}
		{5EBFDFF9-3EFB-4FF1-B47C-28EC944C7604} = {8241FD1F-F2F4-4803-842E-337BC760C1F8}
		{F6CD9AB3-BE34-3B66-8F91-4FE0CA6B04EC} = {8241FD1F-F2F4-4803-842E-337BC760C1F8}
		{83E30E52-6085-3152-BA0D-A6FC8085CA77} = {8241FD1F-F2F4-4803-842E-337BC760C1F8}
		{55A9C3AB-A36F-4481-AA63-D397F201E9F5} = {8EC0F2DA-D391-4BBE-85CD-D4FA0846831F}
		{D07E01FB-FB62-4D06-8434-9649199D0E50} = {8EC0F2DA-D391-4BBE-85CD-D4FA0846831F}
		{25DC0B5E-9C29-341D-AD7D-9108D1E3CC3C} = {6531762E-7E6D-4760-B630-5717E31416B6}
		{96F2FED6-31A9-4041-8767-F72F91968D81} = {6531762E-7E6D-4760-B630-5717E31416B6}
		{37168BD1-F535-3E7A-B140-C8A3BD59E8BF} = {96F2FED6-31A9-4041-8767-F72F91968D81}
		{0450E564-6717-47F4-AB5E-97598BC0D527} = {96F2FED6-31A9-4041-8767-F72F91968D81}
		{2B29DAC5-B9AE-3F74-BA24-047E332E4606} = {0450E564-6717-47F4-AB5E-97598BC0D527}
	EndGlobalSection
EndGlobal
