<?xml version="1.0" encoding="utf-8"?>
<Project ToolsVersion="4.0" xmlns="http://schemas.microsoft.com/developer/msbuild/2003">
  <ItemGroup>
    <Filter Include="Source Files">
      <UniqueIdentifier>{4FC737F1-C7A5-4376-A066-2A32D752A2FF}</UniqueIdentifier>
      <Extensions>cpp;cxx;c;def</Extensions>
    </Filter>
    <Filter Include="Header Files">
      <UniqueIdentifier>{93995380-89BD-4b04-88EB-625FBE52EBFB}</UniqueIdentifier>
      <Extensions>h</Extensions>
    </Filter>
    <Filter Include="Form Files">
      <UniqueIdentifier>{99349809-55BA-4b9d-BF79-8FDBB0286EB3}</UniqueIdentifier>
      <Extensions>ui</Extensions>
    </Filter>
    <Filter Include="Resource Files">
      <UniqueIdentifier>{D9D6E242-F8AF-46E4-B9FD-80ECBC20BA3E}</UniqueIdentifier>
      <Extensions>qrc;*</Extensions>
      <ParseFiles>false</ParseFiles>
    </Filter>
    <Filter Include="Generated Files">
      <UniqueIdentifier>{71ED8ED8-ACB9-4CE9-BBE1-E00B30144E11}</UniqueIdentifier>
      <Extensions>moc;h;cpp</Extensions>
      <SourceControlFiles>False</SourceControlFiles>
    </Filter>
    <Filter Include="Generated Files\Debug">
      <UniqueIdentifier>{41b1c742-dcd2-404b-a0ab-48876cc8e0c6}</UniqueIdentifier>
      <Extensions>cpp;moc</Extensions>
      <SourceControlFiles>False</SourceControlFiles>
    </Filter>
    <Filter Include="Generated Files\Release">
      <UniqueIdentifier>{1ceb48b5-f161-46c4-8f0c-c9aa5e90aa49}</UniqueIdentifier>
      <Extensions>cpp;moc</Extensions>
      <SourceControlFiles>False</SourceControlFiles>
    </Filter>
    <Filter Include="Source Files\XML">
      <UniqueIdentifier>{19e70d7d-4d8d-4ade-905b-9472ca5a47a7}</UniqueIdentifier>
    </Filter>
    <Filter Include="Header Files\XML">
      <UniqueIdentifier>{04dcdf8e-7725-4e74-8844-504d671e0977}</UniqueIdentifier>
    </Filter>
  </ItemGroup>
  <ItemGroup>
    <ClCompile Include="fileutils.cpp">
      <Filter>Source Files</Filter>
    </ClCompile>
    <ClCompile Include="GeneratedFiles\Debug\moc_multitask.cpp">
      <Filter>Generated Files\Debug</Filter>
    </ClCompile>
    <ClCompile Include="GeneratedFiles\Release\moc_multitask.cpp">
      <Filter>Generated Files\Release</Filter>
    </ClCompile>
    <ClCompile Include="opencvhelper.cpp">
      <Filter>Source Files</Filter>
    </ClCompile>
    <ClCompile Include="outputformatter.cpp">
      <Filter>Source Files</Filter>
    </ClCompile>
    <ClCompile Include="GeneratedFiles\Debug\moc_outputformatter.cpp">
      <Filter>Generated Files\Debug</Filter>
    </ClCompile>
    <ClCompile Include="GeneratedFiles\Release\moc_outputformatter.cpp">
      <Filter>Generated Files\Release</Filter>
    </ClCompile>
    <ClCompile Include="proxyaction.cpp">
      <Filter>Source Files</Filter>
    </ClCompile>
    <ClCompile Include="GeneratedFiles\Debug\moc_proxyaction.cpp">
      <Filter>Generated Files\Debug</Filter>
    </ClCompile>
    <ClCompile Include="GeneratedFiles\Release\moc_proxyaction.cpp">
      <Filter>Generated Files\Release</Filter>
    </ClCompile>
    <ClCompile Include="reloadpromptutils.cpp">
      <Filter>Source Files</Filter>
    </ClCompile>
    <ClCompile Include="savefile.cpp">
      <Filter>Source Files</Filter>
    </ClCompile>
    <ClCompile Include="stylehelper.cpp">
      <Filter>Source Files</Filter>
    </ClCompile>
    <ClCompile Include="treewidgetcolumnstretcher.cpp">
      <Filter>Source Files</Filter>
    </ClCompile>
    <ClCompile Include="GeneratedFiles\qrc_utils.cpp">
      <Filter>Generated Files</Filter>
    </ClCompile>
    <ClCompile Include="XML\xmlserializable.cpp">
      <Filter>Source Files\XML</Filter>
    </ClCompile>
    <ClCompile Include="XML\xmldeserializer.cpp">
      <Filter>Source Files\XML</Filter>
    </ClCompile>
    <ClCompile Include="XML\xmlserializer.cpp">
      <Filter>Source Files\XML</Filter>
    </ClCompile>
    <ClCompile Include="utilsconstants.h">
      <Filter>Header Files</Filter>
    </ClCompile>
    <ClCompile Include="stringutils.cpp">
      <Filter>Source Files</Filter>
    </ClCompile>
    <ClCompile Include="synchronousprocess.cpp">
      <Filter>Source Files</Filter>
    </ClCompile>
    <ClCompile Include="GeneratedFiles\Debug\moc_synchronousprocess.cpp">
      <Filter>Generated Files\Debug</Filter>
    </ClCompile>
    <ClCompile Include="GeneratedFiles\Release\moc_synchronousprocess.cpp">
      <Filter>Generated Files\Release</Filter>
    </ClCompile>
    <ClCompile Include="hostosinfo.cpp">
      <Filter>Source Files</Filter>
    </ClCompile>
    <ClCompile Include="environment.cpp">
      <Filter>Source Files</Filter>
    </ClCompile>
    <ClCompile Include="environmentmodel.cpp">
      <Filter>Source Files</Filter>
    </ClCompile>
    <ClCompile Include="GeneratedFiles\Debug\moc_environmentmodel.cpp">
      <Filter>Generated Files\Debug</Filter>
    </ClCompile>
    <ClCompile Include="GeneratedFiles\Release\moc_environmentmodel.cpp">
      <Filter>Generated Files\Release</Filter>
    </ClCompile>
    <ClCompile Include="GeneratedFiles\Debug\moc_xmlserializablefactory.cpp">
      <Filter>Generated Files\Debug</Filter>
    </ClCompile>
    <ClCompile Include="GeneratedFiles\Release\moc_xmlserializablefactory.cpp">
      <Filter>Generated Files\Release</Filter>
    </ClCompile>
    <ClCompile Include="xml\xmlserializablefactory.cpp">
      <Filter>Source Files\XML</Filter>
    </ClCompile>
  </ItemGroup>
  <ItemGroup>
    <ClInclude Include="utils_global.h">
      <Filter>Header Files</Filter>
    </ClInclude>
    <ClInclude Include="fileutils.h">
      <Filter>Header Files</Filter>
    </ClInclude>
    <ClInclude Include="opencvhelper.h">
      <Filter>Header Files</Filter>
    </ClInclude>
    <ClInclude Include="reloadpromptutils.h">
      <Filter>Header Files</Filter>
    </ClInclude>
    <ClInclude Include="runextensions.h">
      <Filter>Header Files</Filter>
    </ClInclude>
    <ClInclude Include="savefile.h">
      <Filter>Header Files</Filter>
    </ClInclude>
    <ClInclude Include="stylehelper.h">
      <Filter>Header Files</Filter>
    </ClInclude>
    <ClInclude Include="totemassert.h">
      <Filter>Header Files</Filter>
    </ClInclude>
    <ClInclude Include="treewidgetcolumnstretcher.h">
      <Filter>Header Files</Filter>
    </ClInclude>
    <ClInclude Include="XML\xmlserializable.h">
      <Filter>Header Files\XML</Filter>
    </ClInclude>
    <ClInclude Include="XML\xmldeserializer.h">
      <Filter>Header Files\XML</Filter>
    </ClInclude>
    <ClInclude Include="XML\xmlserializer.h">
      <Filter>Header Files\XML</Filter>
    </ClInclude>
    <ClInclude Include="stringutils.h">
      <Filter>Header Files</Filter>
    </ClInclude>
    <ClInclude Include="hostosinfo.h">
      <Filter>Header Files</Filter>
    </ClInclude>
    <ClInclude Include="environment.h">
      <Filter>Header Files</Filter>
    </ClInclude>
    <ClInclude Include="varianthelper.h">
      <Filter>Header Files</Filter>
    </ClInclude>
  </ItemGroup>
  <ItemGroup>
    <CustomBuild Include="multitask.h">
      <Filter>Header Files</Filter>
    </CustomBuild>
    <CustomBuild Include="outputformatter.h">
      <Filter>Header Files</Filter>
    </CustomBuild>
    <CustomBuild Include="proxyaction.h">
      <Filter>Header Files</Filter>
    </CustomBuild>
    <CustomBuild Include="utils.qrc">
      <Filter>Resource Files</Filter>
    </CustomBuild>
    <CustomBuild Include="synchronousprocess.h">
      <Filter>Header Files</Filter>
    </CustomBuild>
    <CustomBuild Include="environmentmodel.h">
      <Filter>Header Files</Filter>
    </CustomBuild>
    <CustomBuild Include="xml\xmlserializablefactory.h">
      <Filter>Header Files\XML</Filter>
    </CustomBuild>
  </ItemGroup>
</Project>