<?xml version="1.0" encoding="utf-8"?>
<Project ToolsVersion="4.0" xmlns="http://schemas.microsoft.com/developer/msbuild/2003">
  <ItemGroup>
    <Filter Include="Form Files">
      <UniqueIdentifier>{99349809-55BA-4b9d-BF79-8FDBB0286EB3}</UniqueIdentifier>
      <Extensions>ui</Extensions>
      <ParseFiles>false</ParseFiles>
    </Filter>
    <Filter Include="Form Files">
      <UniqueIdentifier>{99349809-55BA-4b9d-BF79-8FDBB0286EB3}</UniqueIdentifier>
      <Extensions>ui</Extensions>
      <ParseFiles>false</ParseFiles>
    </Filter>
    <Filter Include="Generated Files">
      <UniqueIdentifier>{71ED8ED8-ACB9-4CE9-BBE1-E00B30144E11}</UniqueIdentifier>
      <Extensions>cpp;c;cxx;moc;h;def;odl;idl;res;</Extensions>
    </Filter>
    <Filter Include="Generated Files">
      <UniqueIdentifier>{71ED8ED8-ACB9-4CE9-BBE1-E00B30144E11}</UniqueIdentifier>
      <Extensions>cpp;c;cxx;moc;h;def;odl;idl;res;</Extensions>
    </Filter>
    <Filter Include="Header Files">
      <UniqueIdentifier>{93995380-89BD-4b04-88EB-625FBE52EBFB}</UniqueIdentifier>
      <Extensions>h;hpp;hxx;hm;inl;inc;xsd</Extensions>
    </Filter>
    <Filter Include="Header Files">
      <UniqueIdentifier>{93995380-89BD-4b04-88EB-625FBE52EBFB}</UniqueIdentifier>
      <Extensions>h;hpp;hxx;hm;inl;inc;xsd</Extensions>
    </Filter>
    <Filter Include="Resource Files">
      <UniqueIdentifier>{D9D6E242-F8AF-46E4-B9FD-80ECBC20BA3E}</UniqueIdentifier>
      <Extensions>qrc;*</Extensions>
      <ParseFiles>false</ParseFiles>
    </Filter>
    <Filter Include="Resource Files">
      <UniqueIdentifier>{D9D6E242-F8AF-46E4-B9FD-80ECBC20BA3E}</UniqueIdentifier>
      <Extensions>qrc;*</Extensions>
      <ParseFiles>false</ParseFiles>
    </Filter>
    <Filter Include="Source Files">
      <UniqueIdentifier>{4FC737F1-C7A5-4376-A066-2A32D752A2FF}</UniqueIdentifier>
      <Extensions>cpp;c;cxx;def;odl;idl;hpj;bat;asm;asmx</Extensions>
    </Filter>
    <Filter Include="Source Files">
      <UniqueIdentifier>{4FC737F1-C7A5-4376-A066-2A32D752A2FF}</UniqueIdentifier>
      <Extensions>cpp;c;cxx;def;odl;idl;hpj;bat;asm;asmx</Extensions>
    </Filter>
    <Filter Include="Generated Files\Debug">
      <UniqueIdentifier>{1dd01226-8967-4986-a4c5-43875fa71420}</UniqueIdentifier>
      <Extensions>cpp;moc</Extensions>
      <SourceControlFiles>False</SourceControlFiles>
    </Filter>
    <Filter Include="Generated Files\Release">
      <UniqueIdentifier>{5a8b92c4-a343-4be4-91a9-b44141b2b6ad}</UniqueIdentifier>
      <Extensions>cpp;moc</Extensions>
      <SourceControlFiles>False</SourceControlFiles>
    </Filter>
  </ItemGroup>
  <ItemGroup>
    <ClCompile Include="futureprogress.cpp">
      <Filter>Source Files</Filter>
    </ClCompile>
    <ClCompile Include="invoker.cpp">
      <Filter>Source Files</Filter>
    </ClCompile>
    <ClCompile Include="iplugin.cpp">
      <Filter>Source Files</Filter>
    </ClCompile>
    <ClCompile Include="ipluginprivate.cpp">
      <Filter>Source Files</Filter>
    </ClCompile>
    <ClCompile Include="plugincollection.cpp">
      <Filter>Source Files</Filter>
    </ClCompile>
    <ClCompile Include="plugindetailsview.cpp">
      <Filter>Source Files</Filter>
    </ClCompile>
    <ClCompile Include="pluginerrorview.cpp">
      <Filter>Source Files</Filter>
    </ClCompile>
    <ClCompile Include="pluginmanager.cpp">
      <Filter>Source Files</Filter>
    </ClCompile>
    <ClCompile Include="pluginmanagerprivate.cpp">
      <Filter>Source Files</Filter>
    </ClCompile>
    <ClCompile Include="pluginspec.cpp">
      <Filter>Source Files</Filter>
    </ClCompile>
    <ClCompile Include="pluginspecprivate.cpp">
      <Filter>Source Files</Filter>
    </ClCompile>
    <ClCompile Include="pluginview.cpp">
      <Filter>Source Files</Filter>
    </ClCompile>
    <ClCompile Include="progressbar.cpp">
      <Filter>Source Files</Filter>
    </ClCompile>
    <ClCompile Include="progressmanagerprivate.cpp">
      <Filter>Source Files</Filter>
    </ClCompile>
    <ClCompile Include="Debug\moc_futureprogress.cpp">
      <Filter>Generated Files\Debug</Filter>
    </ClCompile>
    <ClCompile Include="Release\moc_futureprogress.cpp">
      <Filter>Generated Files\Release</Filter>
    </ClCompile>
    <ClCompile Include="Debug\moc_iplugin.cpp">
      <Filter>Generated Files\Debug</Filter>
    </ClCompile>
    <ClCompile Include="Release\moc_iplugin.cpp">
      <Filter>Generated Files\Release</Filter>
    </ClCompile>
    <ClCompile Include="Debug\moc_plugindetailsview.cpp">
      <Filter>Generated Files\Debug</Filter>
    </ClCompile>
    <ClCompile Include="Release\moc_plugindetailsview.cpp">
      <Filter>Generated Files\Release</Filter>
    </ClCompile>
    <ClCompile Include="Debug\moc_pluginerrorview.cpp">
      <Filter>Generated Files\Debug</Filter>
    </ClCompile>
    <ClCompile Include="Release\moc_pluginerrorview.cpp">
      <Filter>Generated Files\Release</Filter>
    </ClCompile>
    <ClCompile Include="Debug\moc_pluginmanager.cpp">
      <Filter>Generated Files\Debug</Filter>
    </ClCompile>
    <ClCompile Include="Release\moc_pluginmanager.cpp">
      <Filter>Generated Files\Release</Filter>
    </ClCompile>
    <ClCompile Include="Debug\moc_pluginmanagerprivate.cpp">
      <Filter>Generated Files\Debug</Filter>
    </ClCompile>
    <ClCompile Include="Release\moc_pluginmanagerprivate.cpp">
      <Filter>Generated Files\Release</Filter>
    </ClCompile>
    <ClCompile Include="Debug\moc_pluginspecprivate.cpp">
      <Filter>Generated Files\Debug</Filter>
    </ClCompile>
    <ClCompile Include="Release\moc_pluginspecprivate.cpp">
      <Filter>Generated Files\Release</Filter>
    </ClCompile>
    <ClCompile Include="Debug\moc_pluginview.cpp">
      <Filter>Generated Files\Debug</Filter>
    </ClCompile>
    <ClCompile Include="Release\moc_pluginview.cpp">
      <Filter>Generated Files\Release</Filter>
    </ClCompile>
    <ClCompile Include="Debug\moc_progressbar.cpp">
      <Filter>Generated Files\Debug</Filter>
    </ClCompile>
    <ClCompile Include="Release\moc_progressbar.cpp">
      <Filter>Generated Files\Release</Filter>
    </ClCompile>
    <ClCompile Include="Debug\moc_progressmanager.cpp">
      <Filter>Generated Files\Debug</Filter>
    </ClCompile>
    <ClCompile Include="Release\moc_progressmanager.cpp">
      <Filter>Generated Files\Release</Filter>
    </ClCompile>
    <ClCompile Include="Debug\moc_progressmanagerprivate.cpp">
      <Filter>Generated Files\Debug</Filter>
    </ClCompile>
    <ClCompile Include="Release\moc_progressmanagerprivate.cpp">
      <Filter>Generated Files\Release</Filter>
    </ClCompile>
    <ClCompile Include="GeneratedFiles\qrc_pluginview.cpp">
      <Filter>Generated Files</Filter>
    </ClCompile>
  </ItemGroup>
  <ItemGroup>
    <CustomBuild Include="futureprogress.h">
      <Filter>Header Files</Filter>
    </CustomBuild>
    <CustomBuild Include="iplugin.h">
      <Filter>Header Files</Filter>
    </CustomBuild>
    <CustomBuild Include="plugindetailsview.h">
      <Filter>Header Files</Filter>
    </CustomBuild>
    <CustomBuild Include="pluginerrorview.h">
      <Filter>Header Files</Filter>
    </CustomBuild>
    <CustomBuild Include="pluginmanager.h">
      <Filter>Header Files</Filter>
    </CustomBuild>
    <CustomBuild Include="pluginmanagerprivate.h">
      <Filter>Header Files</Filter>
    </CustomBuild>
    <CustomBuild Include="pluginspecprivate.h">
      <Filter>Header Files</Filter>
    </CustomBuild>
    <CustomBuild Include="pluginview.h">
      <Filter>Header Files</Filter>
    </CustomBuild>
    <CustomBuild Include="progressbar.h">
      <Filter>Header Files</Filter>
    </CustomBuild>
    <CustomBuild Include="progressmanager.h">
      <Filter>Header Files</Filter>
    </CustomBuild>
    <CustomBuild Include="progressmanagerprivate.h">
      <Filter>Header Files</Filter>
    </CustomBuild>
    <CustomBuild Include="extensionsystem_global.h">
      <Filter>Header Files</Filter>
    </CustomBuild>
    <CustomBuild Include="invoker.h">
      <Filter>Header Files</Filter>
    </CustomBuild>
    <CustomBuild Include="ipluginprivate.h">
      <Filter>Header Files</Filter>
    </CustomBuild>
    <CustomBuild Include="plugincollection.h">
      <Filter>Header Files</Filter>
    </CustomBuild>
    <CustomBuild Include="pluginspec.h">
      <Filter>Header Files</Filter>
    </CustomBuild>
    <CustomBuild Include="images\error.png">
      <Filter>Resource Files</Filter>
    </CustomBuild>
    <CustomBuild Include="images\notloaded.png">
      <Filter>Resource Files</Filter>
    </CustomBuild>
    <CustomBuild Include="images\ok.png">
      <Filter>Resource Files</Filter>
    </CustomBuild>
  </ItemGroup>
  <ItemGroup>
    <CustomBuild Include="plugindetailsview.ui">
      <Filter>Form Files</Filter>
    </CustomBuild>
    <CustomBuild Include="pluginerrorview.ui">
      <Filter>Form Files</Filter>
    </CustomBuild>
    <CustomBuild Include="pluginview.ui">
      <Filter>Form Files</Filter>
    </CustomBuild>
    <CustomBuild Include="Debug\futureprogress.moc">
      <Filter>Generated Files\Debug</Filter>
    </CustomBuild>
    <CustomBuild Include="Release\futureprogress.moc">
      <Filter>Generated Files\Release</Filter>
    </CustomBuild>
    <CustomBuild Include="GeneratedFiles\ui_plugindetailsview.h">
      <Filter>Generated Files</Filter>
    </CustomBuild>
    <CustomBuild Include="GeneratedFiles\ui_pluginerrorview.h">
      <Filter>Generated Files</Filter>
    </CustomBuild>
    <CustomBuild Include="GeneratedFiles\ui_pluginview.h">
      <Filter>Generated Files</Filter>
    </CustomBuild>
  </ItemGroup>
  <ItemGroup>
    <CustomBuild Include="pluginview.qrc">
      <Filter>Resource Files</Filter>
    </CustomBuild>
  </ItemGroup>
</Project>