<?xml version="1.0" encoding="utf-8"?>
<Project ToolsVersion="4.0" xmlns="http://schemas.microsoft.com/developer/msbuild/2003">
  <ItemGroup>
    <Filter Include="Generated Files">
      <UniqueIdentifier>{71ED8ED8-ACB9-4CE9-BBE1-E00B30144E11}</UniqueIdentifier>
      <Extensions>cpp;c;cxx;moc;h;def;odl;idl;res;</Extensions>
    </Filter>
    <Filter Include="Generated Files">
      <UniqueIdentifier>{71ED8ED8-ACB9-4CE9-BBE1-E00B30144E11}</UniqueIdentifier>
      <Extensions>cpp;c;cxx;moc;h;def;odl;idl;res;</Extensions>
    </Filter>
    <Filter Include="Header Files">
      <UniqueIdentifier>{93995380-89BD-4b04-88EB-625FBE52EBFB}</UniqueIdentifier>
      <Extensions>h;hpp;hxx;hm;inl;inc;xsd</Extensions>
    </Filter>
    <Filter Include="Header Files">
      <UniqueIdentifier>{93995380-89BD-4b04-88EB-625FBE52EBFB}</UniqueIdentifier>
      <Extensions>h;hpp;hxx;hm;inl;inc;xsd</Extensions>
    </Filter>
    <Filter Include="Resource Files">
      <UniqueIdentifier>{D9D6E242-F8AF-46E4-B9FD-80ECBC20BA3E}</UniqueIdentifier>
      <Extensions>qrc;*</Extensions>
      <ParseFiles>false</ParseFiles>
    </Filter>
    <Filter Include="Resource Files">
      <UniqueIdentifier>{D9D6E242-F8AF-46E4-B9FD-80ECBC20BA3E}</UniqueIdentifier>
      <Extensions>qrc;*</Extensions>
      <ParseFiles>false</ParseFiles>
    </Filter>
    <Filter Include="Source Files">
      <UniqueIdentifier>{4FC737F1-C7A5-4376-A066-2A32D752A2FF}</UniqueIdentifier>
      <Extensions>cpp;c;cxx;def;odl;idl;hpj;bat;asm;asmx</Extensions>
    </Filter>
    <Filter Include="Source Files">
      <UniqueIdentifier>{4FC737F1-C7A5-4376-A066-2A32D752A2FF}</UniqueIdentifier>
      <Extensions>cpp;c;cxx;def;odl;idl;hpj;bat;asm;asmx</Extensions>
    </Filter>
    <Filter Include="Generated Files\Debug">
      <UniqueIdentifier>{7fc64c60-78ad-425e-9ce5-227ebd85da2d}</UniqueIdentifier>
      <Extensions>cpp;moc</Extensions>
      <SourceControlFiles>False</SourceControlFiles>
    </Filter>
    <Filter Include="Generated Files\Release">
      <UniqueIdentifier>{382f3d0e-6791-4ad7-bc6b-31b8e59bba71}</UniqueIdentifier>
      <Extensions>cpp;moc</Extensions>
      <SourceControlFiles>False</SourceControlFiles>
    </Filter>
    <Filter Include="Source Files\designnetbase">
      <UniqueIdentifier>{7a784e85-64b2-45cd-bf98-d35cbe9173f0}</UniqueIdentifier>
    </Filter>
    <Filter Include="Header Files\designnetbase">
      <UniqueIdentifier>{f6f3cbed-4a44-4f8c-a023-11e3d47acfc8}</UniqueIdentifier>
    </Filter>
    <Filter Include="Source Files\graphicsitem">
      <UniqueIdentifier>{4594d37c-d75b-401c-afae-bd7653205b3a}</UniqueIdentifier>
    </Filter>
    <Filter Include="Header Files\graphicsitem">
      <UniqueIdentifier>{b4a3d70d-d0ad-4ced-8f76-f6f678fef72b}</UniqueIdentifier>
    </Filter>
    <Filter Include="Source Files\property">
      <UniqueIdentifier>{b4b15703-854a-49d1-895c-afaa329d25a6}</UniqueIdentifier>
    </Filter>
    <Filter Include="Header Files\property">
      <UniqueIdentifier>{f29f4007-372f-4686-8fa0-149b76d9e73b}</UniqueIdentifier>
    </Filter>
    <Filter Include="Source Files\data">
      <UniqueIdentifier>{6adec79a-55af-4ece-81cf-33a876784f13}</UniqueIdentifier>
    </Filter>
    <Filter Include="Header Files\data">
      <UniqueIdentifier>{4511b518-3c83-4a68-917d-b26363db315c}</UniqueIdentifier>
    </Filter>
    <Filter Include="Header Files\widgets">
      <UniqueIdentifier>{ebf80162-82c1-4eae-aeba-651ff35afe6f}</UniqueIdentifier>
    </Filter>
    <Filter Include="Source Files\widgets">
      <UniqueIdentifier>{ee4fc314-34e6-4464-9bd9-b3dc0126c535}</UniqueIdentifier>
    </Filter>
  </ItemGroup>
  <ItemGroup>
    <ClCompile Include="designmode.cpp">
      <Filter>Source Files</Filter>
    </ClCompile>
    <ClCompile Include="designnetcontext.cpp">
      <Filter>Source Files</Filter>
    </ClCompile>
    <ClCompile Include="designnetcoreplugin.cpp">
      <Filter>Source Files</Filter>
    </ClCompile>
    <ClCompile Include="designnetdocument.cpp">
      <Filter>Source Files</Filter>
    </ClCompile>
    <ClCompile Include="designneteditor.cpp">
      <Filter>Source Files</Filter>
    </ClCompile>
    <ClCompile Include="designnetfactory.cpp">
      <Filter>Source Files</Filter>
    </ClCompile>
    <ClCompile Include="designnetformmanager.cpp">
      <Filter>Source Files</Filter>
    </ClCompile>
    <ClCompile Include="designnetformstack.cpp">
      <Filter>Source Files</Filter>
    </ClCompile>
    <ClCompile Include="designnetmainwindow.cpp">
      <Filter>Source Files</Filter>
    </ClCompile>
    <ClCompile Include="designview.cpp">
      <Filter>Source Files</Filter>
    </ClCompile>
    <ClCompile Include="editordata.cpp">
      <Filter>Source Files</Filter>
    </ClCompile>
    <ClCompile Include="propertylistwidget.cpp">
      <Filter>Source Files</Filter>
    </ClCompile>
    <ClCompile Include="tooldocktreeview.cpp">
      <Filter>Source Files</Filter>
    </ClCompile>
    <ClCompile Include="tooldockwidget.cpp">
      <Filter>Source Files</Filter>
    </ClCompile>
    <ClCompile Include="tooldockwidgetview.cpp">
      <Filter>Source Files</Filter>
    </ClCompile>
    <ClCompile Include="toolitem.cpp">
      <Filter>Source Files</Filter>
    </ClCompile>
    <ClCompile Include="toolmodel.cpp">
      <Filter>Source Files</Filter>
    </ClCompile>
    <ClCompile Include="Debug\moc_datamanager.cpp">
      <Filter>Generated Files\Debug</Filter>
    </ClCompile>
    <ClCompile Include="Release\moc_datamanager.cpp">
      <Filter>Generated Files\Release</Filter>
    </ClCompile>
    <ClCompile Include="Debug\moc_designmode.cpp">
      <Filter>Generated Files\Debug</Filter>
    </ClCompile>
    <ClCompile Include="Release\moc_designmode.cpp">
      <Filter>Generated Files\Release</Filter>
    </ClCompile>
    <ClCompile Include="Debug\moc_designnetcoreplugin.cpp">
      <Filter>Generated Files\Debug</Filter>
    </ClCompile>
    <ClCompile Include="Release\moc_designnetcoreplugin.cpp">
      <Filter>Generated Files\Release</Filter>
    </ClCompile>
    <ClCompile Include="Debug\moc_designnetdocument.cpp">
      <Filter>Generated Files\Debug</Filter>
    </ClCompile>
    <ClCompile Include="Release\moc_designnetdocument.cpp">
      <Filter>Generated Files\Release</Filter>
    </ClCompile>
    <ClCompile Include="Debug\moc_designneteditor.cpp">
      <Filter>Generated Files\Debug</Filter>
    </ClCompile>
    <ClCompile Include="Release\moc_designneteditor.cpp">
      <Filter>Generated Files\Release</Filter>
    </ClCompile>
    <ClCompile Include="Debug\moc_designnetfactory.cpp">
      <Filter>Generated Files\Debug</Filter>
    </ClCompile>
    <ClCompile Include="Release\moc_designnetfactory.cpp">
      <Filter>Generated Files\Release</Filter>
    </ClCompile>
    <ClCompile Include="Debug\moc_designnetformmanager.cpp">
      <Filter>Generated Files\Debug</Filter>
    </ClCompile>
    <ClCompile Include="Release\moc_designnetformmanager.cpp">
      <Filter>Generated Files\Release</Filter>
    </ClCompile>
    <ClCompile Include="Debug\moc_designnetformstack.cpp">
      <Filter>Generated Files\Debug</Filter>
    </ClCompile>
    <ClCompile Include="Release\moc_designnetformstack.cpp">
      <Filter>Generated Files\Release</Filter>
    </ClCompile>
    <ClCompile Include="Debug\moc_designnetmainwindow.cpp">
      <Filter>Generated Files\Debug</Filter>
    </ClCompile>
    <ClCompile Include="Release\moc_designnetmainwindow.cpp">
      <Filter>Generated Files\Release</Filter>
    </ClCompile>
    <ClCompile Include="Debug\moc_designnetspace.cpp">
      <Filter>Generated Files\Debug</Filter>
    </ClCompile>
    <ClCompile Include="Release\moc_designnetspace.cpp">
      <Filter>Generated Files\Release</Filter>
    </ClCompile>
    <ClCompile Include="Debug\moc_designview.cpp">
      <Filter>Generated Files\Debug</Filter>
    </ClCompile>
    <ClCompile Include="Release\moc_designview.cpp">
      <Filter>Generated Files\Release</Filter>
    </ClCompile>
    <ClCompile Include="Debug\moc_editordata.cpp">
      <Filter>Generated Files\Debug</Filter>
    </ClCompile>
    <ClCompile Include="Release\moc_editordata.cpp">
      <Filter>Generated Files\Release</Filter>
    </ClCompile>
    <ClCompile Include="Debug\moc_graphicsblock.cpp">
      <Filter>Generated Files\Debug</Filter>
    </ClCompile>
    <ClCompile Include="Release\moc_graphicsblock.cpp">
      <Filter>Generated Files\Release</Filter>
    </ClCompile>
    <ClCompile Include="Debug\moc_iabstarctfactory.cpp">
      <Filter>Generated Files\Debug</Filter>
    </ClCompile>
    <ClCompile Include="Release\moc_iabstarctfactory.cpp">
      <Filter>Generated Files\Release</Filter>
    </ClCompile>
    <ClCompile Include="Debug\moc_idata.cpp">
      <Filter>Generated Files\Debug</Filter>
    </ClCompile>
    <ClCompile Include="Release\moc_idata.cpp">
      <Filter>Generated Files\Release</Filter>
    </ClCompile>
    <ClCompile Include="Debug\moc_idatawidget.cpp">
      <Filter>Generated Files\Debug</Filter>
    </ClCompile>
    <ClCompile Include="Release\moc_idatawidget.cpp">
      <Filter>Generated Files\Release</Filter>
    </ClCompile>
    <ClCompile Include="Debug\moc_idatawidgetfactory.cpp">
      <Filter>Generated Files\Debug</Filter>
    </ClCompile>
    <ClCompile Include="Release\moc_idatawidgetfactory.cpp">
      <Filter>Generated Files\Release</Filter>
    </ClCompile>
    <ClCompile Include="Debug\moc_imagedata.cpp">
      <Filter>Generated Files\Debug</Filter>
    </ClCompile>
    <ClCompile Include="Release\moc_imagedata.cpp">
      <Filter>Generated Files\Release</Filter>
    </ClCompile>
    <ClCompile Include="Debug\moc_imagedatawidget.cpp">
      <Filter>Generated Files\Debug</Filter>
    </ClCompile>
    <ClCompile Include="Release\moc_imagedatawidget.cpp">
      <Filter>Generated Files\Release</Filter>
    </ClCompile>
    <ClCompile Include="Debug\moc_ipropertywidget.cpp">
      <Filter>Generated Files\Debug</Filter>
    </ClCompile>
    <ClCompile Include="Release\moc_ipropertywidget.cpp">
      <Filter>Generated Files\Release</Filter>
    </ClCompile>
    <ClCompile Include="Debug\moc_ipropertywidgetfactory.cpp">
      <Filter>Generated Files\Debug</Filter>
    </ClCompile>
    <ClCompile Include="Release\moc_ipropertywidgetfactory.cpp">
      <Filter>Generated Files\Release</Filter>
    </ClCompile>
    <ClCompile Include="Debug\moc_normalpropertywidgetfactory.cpp">
      <Filter>Generated Files\Debug</Filter>
    </ClCompile>
    <ClCompile Include="Release\moc_normalpropertywidgetfactory.cpp">
      <Filter>Generated Files\Release</Filter>
    </ClCompile>
    <ClCompile Include="Debug\moc_pathdialogproperty.cpp">
      <Filter>Generated Files\Debug</Filter>
    </ClCompile>
    <ClCompile Include="Release\moc_pathdialogproperty.cpp">
      <Filter>Generated Files\Release</Filter>
    </ClCompile>
    <ClCompile Include="Debug\moc_pathdialogpropertywidget.cpp">
      <Filter>Generated Files\Debug</Filter>
    </ClCompile>
    <ClCompile Include="Release\moc_pathdialogpropertywidget.cpp">
      <Filter>Generated Files\Release</Filter>
    </ClCompile>
    <ClCompile Include="Debug\moc_portarrowlinkitem.cpp">
      <Filter>Generated Files\Debug</Filter>
    </ClCompile>
    <ClCompile Include="Release\moc_portarrowlinkitem.cpp">
      <Filter>Generated Files\Release</Filter>
    </ClCompile>
    <ClCompile Include="Debug\moc_portgraphicsitem.cpp">
      <Filter>Generated Files\Debug</Filter>
    </ClCompile>
    <ClCompile Include="Release\moc_portgraphicsitem.cpp">
      <Filter>Generated Files\Release</Filter>
    </ClCompile>
    <ClCompile Include="Debug\moc_processorfactory.cpp">
      <Filter>Generated Files\Debug</Filter>
    </ClCompile>
    <ClCompile Include="Release\moc_processorfactory.cpp">
      <Filter>Generated Files\Release</Filter>
    </ClCompile>
    <ClCompile Include="Debug\moc_processorgraphicsblock.cpp">
      <Filter>Generated Files\Debug</Filter>
    </ClCompile>
    <ClCompile Include="Release\moc_processorgraphicsblock.cpp">
      <Filter>Generated Files\Release</Filter>
    </ClCompile>
    <ClCompile Include="Debug\moc_processorpropertywidget.cpp">
      <Filter>Generated Files\Debug</Filter>
    </ClCompile>
    <ClCompile Include="Release\moc_processorpropertywidget.cpp">
      <Filter>Generated Files\Release</Filter>
    </ClCompile>
    <ClCompile Include="Debug\moc_processresultinfo.cpp">
      <Filter>Generated Files\Debug</Filter>
    </ClCompile>
    <ClCompile Include="Release\moc_processresultinfo.cpp">
      <Filter>Generated Files\Release</Filter>
    </ClCompile>
    <ClCompile Include="Debug\moc_property.cpp">
      <Filter>Generated Files\Debug</Filter>
    </ClCompile>
    <ClCompile Include="Release\moc_property.cpp">
      <Filter>Generated Files\Release</Filter>
    </ClCompile>
    <ClCompile Include="Debug\moc_propertylistwidget.cpp">
      <Filter>Generated Files\Debug</Filter>
    </ClCompile>
    <ClCompile Include="Release\moc_propertylistwidget.cpp">
      <Filter>Generated Files\Release</Filter>
    </ClCompile>
    <ClCompile Include="Debug\moc_propertymanager.cpp">
      <Filter>Generated Files\Debug</Filter>
    </ClCompile>
    <ClCompile Include="Release\moc_propertymanager.cpp">
      <Filter>Generated Files\Release</Filter>
    </ClCompile>
    <ClCompile Include="Debug\moc_tooldocktreeview.cpp">
      <Filter>Generated Files\Debug</Filter>
    </ClCompile>
    <ClCompile Include="Release\moc_tooldocktreeview.cpp">
      <Filter>Generated Files\Release</Filter>
    </ClCompile>
    <ClCompile Include="Debug\moc_tooldockwidget.cpp">
      <Filter>Generated Files\Debug</Filter>
    </ClCompile>
    <ClCompile Include="Release\moc_tooldockwidget.cpp">
      <Filter>Generated Files\Release</Filter>
    </ClCompile>
    <ClCompile Include="Debug\moc_tooldockwidgetview.cpp">
      <Filter>Generated Files\Debug</Filter>
    </ClCompile>
    <ClCompile Include="Release\moc_tooldockwidgetview.cpp">
      <Filter>Generated Files\Release</Filter>
    </ClCompile>
    <ClCompile Include="Debug\moc_toolmodel.cpp">
      <Filter>Generated Files\Debug</Filter>
    </ClCompile>
    <ClCompile Include="Release\moc_toolmodel.cpp">
      <Filter>Generated Files\Release</Filter>
    </ClCompile>
    <ClCompile Include="Debug\moc_tooltipgraphicsitem.cpp">
      <Filter>Generated Files\Debug</Filter>
    </ClCompile>
    <ClCompile Include="Release\moc_tooltipgraphicsitem.cpp">
      <Filter>Generated Files\Release</Filter>
    </ClCompile>
    <ClCompile Include="GeneratedFiles\qrc_resource.cpp">
      <Filter>Generated Files</Filter>
    </ClCompile>
    <ClCompile Include="designnetbase\block.cpp">
      <Filter>Source Files\designnetbase</Filter>
    </ClCompile>
    <ClCompile Include="designnetbase\designnetspace.cpp">
      <Filter>Source Files\designnetbase</Filter>
    </ClCompile>
    <ClCompile Include="designnetbase\iabstarctfactory.cpp">
      <Filter>Source Files\designnetbase</Filter>
    </ClCompile>
    <ClCompile Include="designnetbase\port.cpp">
      <Filter>Source Files\designnetbase</Filter>
    </ClCompile>
    <ClCompile Include="designnetbase\processor.cpp">
      <Filter>Source Files\designnetbase</Filter>
    </ClCompile>
    <ClCompile Include="designnetbase\processorfactory.cpp">
      <Filter>Source Files\designnetbase</Filter>
    </ClCompile>
    <ClCompile Include="designnetbase\processresultinfo.cpp">
      <Filter>Source Files\designnetbase</Filter>
    </ClCompile>
    <ClCompile Include="graphicsitem\graphicsblock.cpp">
      <Filter>Source Files\graphicsitem</Filter>
    </ClCompile>
    <ClCompile Include="graphicsitem\portarrowlinkitem.cpp">
      <Filter>Source Files\graphicsitem</Filter>
    </ClCompile>
    <ClCompile Include="graphicsitem\processorgraphicsblock.cpp">
      <Filter>Source Files\graphicsitem</Filter>
    </ClCompile>
    <ClCompile Include="graphicsitem\portgraphicsitem.cpp">
      <Filter>Source Files\graphicsitem</Filter>
    </ClCompile>
    <ClCompile Include="property\ipropertywidgetfactory.cpp">
      <Filter>Source Files\property</Filter>
    </ClCompile>
    <ClCompile Include="property\normalpropertywidgetfactory.cpp">
      <Filter>Source Files\property</Filter>
    </ClCompile>
    <ClCompile Include="property\pathdialogproperty.cpp">
      <Filter>Source Files\property</Filter>
    </ClCompile>
    <ClCompile Include="property\property.cpp">
      <Filter>Source Files\property</Filter>
    </ClCompile>
    <ClCompile Include="property\propertymanager.cpp">
      <Filter>Source Files\property</Filter>
    </ClCompile>
    <ClCompile Include="property\propertyowner.cpp">
      <Filter>Source Files\property</Filter>
    </ClCompile>
    <ClCompile Include="data\idata.cpp">
      <Filter>Source Files\data</Filter>
    </ClCompile>
    <ClCompile Include="data\datamanager.cpp">
      <Filter>Source Files\data</Filter>
    </ClCompile>
    <ClCompile Include="data\idatawidgetfactory.cpp">
      <Filter>Source Files\data</Filter>
    </ClCompile>
    <ClCompile Include="data\imagedata.cpp">
      <Filter>Source Files\data</Filter>
    </ClCompile>
    <ClCompile Include="data\normaldatafactory.cpp">
      <Filter>Source Files\data</Filter>
    </ClCompile>
    <ClCompile Include="widgets\idatawidget.cpp">
      <Filter>Source Files\widgets</Filter>
    </ClCompile>
    <ClCompile Include="widgets\imagedatawidget.cpp">
      <Filter>Source Files\widgets</Filter>
    </ClCompile>
    <ClCompile Include="widgets\ipropertywidget.cpp">
      <Filter>Source Files\widgets</Filter>
    </ClCompile>
    <ClCompile Include="widgets\pathdialogpropertywidget.cpp">
      <Filter>Source Files\widgets</Filter>
    </ClCompile>
    <ClCompile Include="widgets\processorpropertywidget.cpp">
      <Filter>Source Files\widgets</Filter>
    </ClCompile>
    <ClCompile Include="widgets\tooltipgraphicsitem.cpp">
      <Filter>Source Files\widgets</Filter>
    </ClCompile>
    <ClCompile Include="Debug\moc_labeldata.cpp">
      <Filter>Generated Files\Debug</Filter>
    </ClCompile>
    <ClCompile Include="Release\moc_labeldata.cpp">
      <Filter>Generated Files\Release</Filter>
    </ClCompile>
    <ClCompile Include="data\labeldata.cpp">
      <Filter>Source Files\data</Filter>
    </ClCompile>
  </ItemGroup>
  <ItemGroup>
    <CustomBuild Include="designmode.h">
      <Filter>Header Files</Filter>
    </CustomBuild>
    <ClInclude Include="designnet_core_global.h">
      <Filter>Header Files</Filter>
    </ClInclude>
    <ClInclude Include="designnetconstants.h">
      <Filter>Header Files</Filter>
    </ClInclude>
    <ClInclude Include="designnetcontext.h">
      <Filter>Header Files</Filter>
    </ClInclude>
    <CustomBuild Include="designnetcoreplugin.h">
      <Filter>Header Files</Filter>
    </CustomBuild>
    <CustomBuild Include="designnetdocument.h">
      <Filter>Header Files</Filter>
    </CustomBuild>
    <CustomBuild Include="designneteditor.h">
      <Filter>Header Files</Filter>
    </CustomBuild>
    <CustomBuild Include="designnetfactory.h">
      <Filter>Header Files</Filter>
    </CustomBuild>
    <CustomBuild Include="designnetformmanager.h">
      <Filter>Header Files</Filter>
    </CustomBuild>
    <CustomBuild Include="designnetformstack.h">
      <Filter>Header Files</Filter>
    </CustomBuild>
    <CustomBuild Include="designnetmainwindow.h">
      <Filter>Header Files</Filter>
    </CustomBuild>
    <CustomBuild Include="designview.h">
      <Filter>Header Files</Filter>
    </CustomBuild>
    <CustomBuild Include="editordata.h">
      <Filter>Header Files</Filter>
    </CustomBuild>
    <CustomBuild Include="tooldocktreeview.h">
      <Filter>Header Files</Filter>
    </CustomBuild>
    <CustomBuild Include="tooldockwidget.h">
      <Filter>Header Files</Filter>
    </CustomBuild>
    <CustomBuild Include="tooldockwidgetview.h">
      <Filter>Header Files</Filter>
    </CustomBuild>
    <ClInclude Include="toolitem.h">
      <Filter>Header Files</Filter>
    </ClInclude>
    <CustomBuild Include="toolmodel.h">
      <Filter>Header Files</Filter>
    </CustomBuild>
    <CustomBuild Include="..\..\..\shared\totem_gui_pch.h">
      <Filter>Header Files</Filter>
    </CustomBuild>
    <CustomBuild Include="designnetbase\designnetspace.h">
      <Filter>Header Files\designnetbase</Filter>
    </CustomBuild>
    <CustomBuild Include="designnetbase\iabstarctfactory.h">
      <Filter>Header Files\designnetbase</Filter>
    </CustomBuild>
    <CustomBuild Include="designnetbase\processorfactory.h">
      <Filter>Header Files\designnetbase</Filter>
    </CustomBuild>
    <CustomBuild Include="designnetbase\processresultinfo.h">
      <Filter>Header Files\designnetbase</Filter>
    </CustomBuild>
    <CustomBuild Include="graphicsitem\graphicsblock.h">
      <Filter>Header Files\graphicsitem</Filter>
    </CustomBuild>
    <CustomBuild Include="graphicsitem\portarrowlinkitem.h">
      <Filter>Header Files\graphicsitem</Filter>
    </CustomBuild>
    <CustomBuild Include="graphicsitem\portgraphicsitem.h">
      <Filter>Header Files\graphicsitem</Filter>
    </CustomBuild>
    <CustomBuild Include="graphicsitem\processorgraphicsblock.h">
      <Filter>Header Files\graphicsitem</Filter>
    </CustomBuild>
    <CustomBuild Include="propertylistwidget.h">
      <Filter>Header Files</Filter>
    </CustomBuild>
    <CustomBuild Include="property\ipropertywidgetfactory.h">
      <Filter>Header Files\property</Filter>
    </CustomBuild>
    <CustomBuild Include="property\normalpropertywidgetfactory.h">
      <Filter>Header Files\property</Filter>
    </CustomBuild>
    <CustomBuild Include="property\pathdialogproperty.h">
      <Filter>Header Files\property</Filter>
    </CustomBuild>
    <CustomBuild Include="property\property.h">
      <Filter>Header Files\property</Filter>
    </CustomBuild>
    <CustomBuild Include="property\propertymanager.h">
      <Filter>Header Files\property</Filter>
    </CustomBuild>
    <CustomBuild Include="data\datamanager.h">
      <Filter>Header Files\data</Filter>
    </CustomBuild>
    <CustomBuild Include="data\idata.h">
      <Filter>Header Files\data</Filter>
    </CustomBuild>
    <CustomBuild Include="data\idatawidgetfactory.h">
      <Filter>Header Files\data</Filter>
    </CustomBuild>
    <CustomBuild Include="data\imagedata.h">
      <Filter>Header Files\data</Filter>
    </CustomBuild>
    <CustomBuild Include="widgets\idatawidget.h">
      <Filter>Header Files\widgets</Filter>
    </CustomBuild>
    <CustomBuild Include="widgets\imagedatawidget.h">
      <Filter>Header Files\widgets</Filter>
    </CustomBuild>
    <CustomBuild Include="widgets\ipropertywidget.h">
      <Filter>Header Files\widgets</Filter>
    </CustomBuild>
    <CustomBuild Include="widgets\pathdialogpropertywidget.h">
      <Filter>Header Files\widgets</Filter>
    </CustomBuild>
    <CustomBuild Include="widgets\processorpropertywidget.h">
      <Filter>Header Files\widgets</Filter>
    </CustomBuild>
    <CustomBuild Include="widgets\tooltipgraphicsitem.h">
      <Filter>Header Files\widgets</Filter>
    </CustomBuild>
    <CustomBuild Include="data\labeldata.h">
      <Filter>Header Files\data</Filter>
    </CustomBuild>
  </ItemGroup>
  <ItemGroup>
    <ClCompile Include="..\..\..\shared\totem_gui_pch.h.cpp">
      <Filter>Generated Files</Filter>
    </ClCompile>
  </ItemGroup>
  <ItemGroup>
    <None Include="media\DesignNet.png">
      <Filter>Resource Files</Filter>
    </None>
    <None Include="media\blackboard.jpg">
      <Filter>Resource Files</Filter>
    </None>
    <None Include="media\default_processor.png">
      <Filter>Resource Files</Filter>
    </None>
    <None Include="media\item-close.png">
      <Filter>Resource Files</Filter>
    </None>
    <None Include="media\port_connected.png">
      <Filter>Resource Files</Filter>
    </None>
    <None Include="media\port_notconnected.png">
      <Filter>Resource Files</Filter>
    </None>
    <CustomBuild Include="resource.qrc">
      <Filter>Resource Files</Filter>
    </CustomBuild>
    <None Include="media\topmost_hover.png">
      <Filter>Resource Files</Filter>
    </None>
    <None Include="media\topmost_normal.png">
      <Filter>Resource Files</Filter>
    </None>
    <None Include="media\untopmost_hover.png">
      <Filter>Resource Files</Filter>
    </None>
    <None Include="media\untopmost_normal.png">
      <Filter>Resource Files</Filter>
    </None>
  </ItemGroup>
  <ItemGroup>
    <ClInclude Include="designnetbase\block.h">
      <Filter>Header Files\designnetbase</Filter>
    </ClInclude>
    <ClInclude Include="designnetbase\port.h">
      <Filter>Header Files\designnetbase</Filter>
    </ClInclude>
    <ClInclude Include="designnetbase\processor.h">
      <Filter>Header Files\designnetbase</Filter>
    </ClInclude>
    <ClInclude Include="property\propertyowner.h">
      <Filter>Header Files\property</Filter>
    </ClInclude>
    <ClInclude Include="data\normaldatafactory.h">
      <Filter>Header Files\data</Filter>
    </ClInclude>
  </ItemGroup>
</Project>