<?xml version="1.0" encoding="utf-8"?>
<Project ToolsVersion="4.0" xmlns="http://schemas.microsoft.com/developer/msbuild/2003">
  <ItemGroup>
    <Filter Include="Source Files">
      <UniqueIdentifier>{4FC737F1-C7A5-4376-A066-2A32D752A2FF}</UniqueIdentifier>
      <Extensions>cpp;cxx;c;def</Extensions>
    </Filter>
    <Filter Include="Header Files">
      <UniqueIdentifier>{93995380-89BD-4b04-88EB-625FBE52EBFB}</UniqueIdentifier>
      <Extensions>h</Extensions>
    </Filter>
    <Filter Include="Form Files">
      <UniqueIdentifier>{99349809-55BA-4b9d-BF79-8FDBB0286EB3}</UniqueIdentifier>
      <Extensions>ui</Extensions>
    </Filter>
    <Filter Include="Resource Files">
      <UniqueIdentifier>{D9D6E242-F8AF-46E4-B9FD-80ECBC20BA3E}</UniqueIdentifier>
      <Extensions>qrc;*</Extensions>
      <ParseFiles>false</ParseFiles>
    </Filter>
    <Filter Include="Generated Files">
      <UniqueIdentifier>{71ED8ED8-ACB9-4CE9-BBE1-E00B30144E11}</UniqueIdentifier>
      <Extensions>moc;h;cpp</Extensions>
      <SourceControlFiles>False</SourceControlFiles>
    </Filter>
    <Filter Include="Generated Files\Debug">
      <UniqueIdentifier>{279ae523-97c8-4809-97fa-3ca3467608d2}</UniqueIdentifier>
      <Extensions>cpp;moc</Extensions>
      <SourceControlFiles>False</SourceControlFiles>
    </Filter>
    <Filter Include="Generated Files\Release">
      <UniqueIdentifier>{ebbd4291-cdba-4cfc-9ad8-403931ae563f}</UniqueIdentifier>
      <Extensions>cpp;moc</Extensions>
      <SourceControlFiles>False</SourceControlFiles>
    </Filter>
    <Filter Include="Header Files\designnetbase">
      <UniqueIdentifier>{c80d0623-dfae-4ab1-b248-420fbb0453fc}</UniqueIdentifier>
    </Filter>
    <Filter Include="Source Files\designnetbase">
      <UniqueIdentifier>{314c8d53-32a4-4ca5-81eb-907082d0db65}</UniqueIdentifier>
    </Filter>
    <Filter Include="Source Files\property">
      <UniqueIdentifier>{9d6f9ecb-0752-4627-a762-7a4d17b9fd74}</UniqueIdentifier>
    </Filter>
    <Filter Include="Header Files\property">
      <UniqueIdentifier>{c99de2c7-53ee-49a1-b415-8d3f7f9aa618}</UniqueIdentifier>
    </Filter>
    <Filter Include="Header Files\widgets">
      <UniqueIdentifier>{909b6563-2f93-4626-a48c-3293059a2da1}</UniqueIdentifier>
    </Filter>
    <Filter Include="Source Files\widgets">
      <UniqueIdentifier>{50d40d02-f9f6-4ad1-a841-5484623e5e06}</UniqueIdentifier>
    </Filter>
  </ItemGroup>
  <ItemGroup>
    <ClCompile Include="stdafx.cpp">
      <Filter>Source Files</Filter>
    </ClCompile>
    <ClCompile Include="designnetcoreplugin.cpp">
      <Filter>Source Files</Filter>
    </ClCompile>
    <ClCompile Include="GeneratedFiles\Debug\moc_designnetcoreplugin.cpp">
      <Filter>Generated Files\Debug</Filter>
    </ClCompile>
    <ClCompile Include="GeneratedFiles\Release\moc_designnetcoreplugin.cpp">
      <Filter>Generated Files\Release</Filter>
    </ClCompile>
    <ClCompile Include="designnetmainwindow.cpp">
      <Filter>Source Files</Filter>
    </ClCompile>
    <ClCompile Include="GeneratedFiles\Debug\moc_designnetmainwindow.cpp">
      <Filter>Generated Files\Debug</Filter>
    </ClCompile>
    <ClCompile Include="GeneratedFiles\Release\moc_designnetmainwindow.cpp">
      <Filter>Generated Files\Release</Filter>
    </ClCompile>
    <ClCompile Include="DesignNetEditor.cpp">
      <Filter>Source Files</Filter>
    </ClCompile>
    <ClCompile Include="designnetdocument.cpp">
      <Filter>Source Files</Filter>
    </ClCompile>
    <ClCompile Include="GeneratedFiles\Debug\moc_designnetdocument.cpp">
      <Filter>Generated Files\Debug</Filter>
    </ClCompile>
    <ClCompile Include="GeneratedFiles\Release\moc_designnetdocument.cpp">
      <Filter>Generated Files\Release</Filter>
    </ClCompile>
    <ClCompile Include="designneteditorfactory.cpp">
      <Filter>Source Files</Filter>
    </ClCompile>
    <ClCompile Include="GeneratedFiles\Debug\moc_designneteditorfactory.cpp">
      <Filter>Generated Files\Debug</Filter>
    </ClCompile>
    <ClCompile Include="GeneratedFiles\Release\moc_designneteditorfactory.cpp">
      <Filter>Generated Files\Release</Filter>
    </ClCompile>
    <ClCompile Include="DesignNetManager.cpp">
      <Filter>Source Files</Filter>
    </ClCompile>
    <ClCompile Include="GeneratedFiles\Debug\moc_DesignNetManager.cpp">
      <Filter>Generated Files\Debug</Filter>
    </ClCompile>
    <ClCompile Include="GeneratedFiles\Release\moc_DesignNetManager.cpp">
      <Filter>Generated Files\Release</Filter>
    </ClCompile>
    <ClCompile Include="GeneratedFiles\Debug\moc_DesignNetEditor.cpp">
      <Filter>Generated Files\Debug</Filter>
    </ClCompile>
    <ClCompile Include="GeneratedFiles\Release\moc_DesignNetEditor.cpp">
      <Filter>Generated Files\Release</Filter>
    </ClCompile>
    <ClCompile Include="designnetsolutionwizard.cpp">
      <Filter>Source Files</Filter>
    </ClCompile>
    <ClCompile Include="GeneratedFiles\Debug\moc_designnetsolutionwizard.cpp">
      <Filter>Generated Files\Debug</Filter>
    </ClCompile>
    <ClCompile Include="GeneratedFiles\Release\moc_designnetsolutionwizard.cpp">
      <Filter>Generated Files\Release</Filter>
    </ClCompile>
    <ClCompile Include="designnetview.cpp">
      <Filter>Source Files</Filter>
    </ClCompile>
    <ClCompile Include="GeneratedFiles\Debug\moc_designnetview.cpp">
      <Filter>Generated Files\Debug</Filter>
    </ClCompile>
    <ClCompile Include="GeneratedFiles\Release\moc_designnetview.cpp">
      <Filter>Generated Files\Release</Filter>
    </ClCompile>
    <ClCompile Include="GeneratedFiles\qrc_designnet.cpp">
      <Filter>Generated Files</Filter>
    </ClCompile>
    <ClCompile Include="designnetbase\Processor.cpp">
      <Filter>Source Files\designnetbase</Filter>
    </ClCompile>
    <ClCompile Include="GeneratedFiles\Debug\moc_boolproperty.cpp">
      <Filter>Generated Files\Debug</Filter>
    </ClCompile>
    <ClCompile Include="GeneratedFiles\Release\moc_boolproperty.cpp">
      <Filter>Generated Files\Release</Filter>
    </ClCompile>
    <ClCompile Include="GeneratedFiles\Debug\moc_ipropertywidgetfactory.cpp">
      <Filter>Generated Files\Debug</Filter>
    </ClCompile>
    <ClCompile Include="GeneratedFiles\Release\moc_ipropertywidgetfactory.cpp">
      <Filter>Generated Files\Release</Filter>
    </ClCompile>
    <ClCompile Include="GeneratedFiles\Debug\moc_normalpropertywidgetfactory.cpp">
      <Filter>Generated Files\Debug</Filter>
    </ClCompile>
    <ClCompile Include="GeneratedFiles\Release\moc_normalpropertywidgetfactory.cpp">
      <Filter>Generated Files\Release</Filter>
    </ClCompile>
    <ClCompile Include="GeneratedFiles\Debug\moc_optionproperty.cpp">
      <Filter>Generated Files\Debug</Filter>
    </ClCompile>
    <ClCompile Include="GeneratedFiles\Release\moc_optionproperty.cpp">
      <Filter>Generated Files\Release</Filter>
    </ClCompile>
    <ClCompile Include="GeneratedFiles\Debug\moc_pathdialogproperty.cpp">
      <Filter>Generated Files\Debug</Filter>
    </ClCompile>
    <ClCompile Include="GeneratedFiles\Release\moc_pathdialogproperty.cpp">
      <Filter>Generated Files\Release</Filter>
    </ClCompile>
    <ClCompile Include="GeneratedFiles\Debug\moc_property.cpp">
      <Filter>Generated Files\Debug</Filter>
    </ClCompile>
    <ClCompile Include="GeneratedFiles\Release\moc_property.cpp">
      <Filter>Generated Files\Release</Filter>
    </ClCompile>
    <ClCompile Include="GeneratedFiles\Debug\moc_propertymanager.cpp">
      <Filter>Generated Files\Debug</Filter>
    </ClCompile>
    <ClCompile Include="GeneratedFiles\Release\moc_propertymanager.cpp">
      <Filter>Generated Files\Release</Filter>
    </ClCompile>
    <ClCompile Include="property\boolproperty.cpp">
      <Filter>Source Files\property</Filter>
    </ClCompile>
    <ClCompile Include="property\ipropertywidgetfactory.cpp">
      <Filter>Source Files\property</Filter>
    </ClCompile>
    <ClCompile Include="property\normalpropertywidgetfactory.cpp">
      <Filter>Source Files\property</Filter>
    </ClCompile>
    <ClCompile Include="property\optionproperty.cpp">
      <Filter>Source Files\property</Filter>
    </ClCompile>
    <ClCompile Include="property\pathdialogproperty.cpp">
      <Filter>Source Files\property</Filter>
    </ClCompile>
    <ClCompile Include="property\property.cpp">
      <Filter>Source Files\property</Filter>
    </ClCompile>
    <ClCompile Include="property\propertymanager.cpp">
      <Filter>Source Files\property</Filter>
    </ClCompile>
    <ClCompile Include="property\propertyowner.cpp">
      <Filter>Source Files\property</Filter>
    </ClCompile>
    <ClCompile Include="GeneratedFiles\Debug\moc_boolpropertywidget.cpp">
      <Filter>Generated Files\Debug</Filter>
    </ClCompile>
    <ClCompile Include="GeneratedFiles\Release\moc_boolpropertywidget.cpp">
      <Filter>Generated Files\Release</Filter>
    </ClCompile>
    <ClCompile Include="widgets\boolpropertywidget.cpp">
      <Filter>Source Files\widgets</Filter>
    </ClCompile>
    <ClCompile Include="GeneratedFiles\Debug\moc_ipropertywidget.cpp">
      <Filter>Generated Files\Debug</Filter>
    </ClCompile>
    <ClCompile Include="GeneratedFiles\Release\moc_ipropertywidget.cpp">
      <Filter>Generated Files\Release</Filter>
    </ClCompile>
    <ClCompile Include="widgets\ipropertywidget.cpp">
      <Filter>Source Files\widgets</Filter>
    </ClCompile>
    <ClCompile Include="GeneratedFiles\Debug\moc_doublerangeproperty.cpp">
      <Filter>Generated Files\Debug</Filter>
    </ClCompile>
    <ClCompile Include="GeneratedFiles\Release\moc_doublerangeproperty.cpp">
      <Filter>Generated Files\Release</Filter>
    </ClCompile>
    <ClCompile Include="property\doublerangeproperty.cpp">
      <Filter>Source Files\property</Filter>
    </ClCompile>
    <ClCompile Include="GeneratedFiles\Debug\moc_port.cpp">
      <Filter>Generated Files\Debug</Filter>
    </ClCompile>
    <ClCompile Include="GeneratedFiles\Release\moc_port.cpp">
      <Filter>Generated Files\Release</Filter>
    </ClCompile>
    <ClCompile Include="designnetbase\port.cpp">
      <Filter>Source Files\designnetbase</Filter>
    </ClCompile>
    <ClCompile Include="GeneratedFiles\Release\moc_Processor.cpp">
      <Filter>Generated Files\Release</Filter>
    </ClCompile>
    <ClCompile Include="GeneratedFiles\Debug\moc_Processor.cpp">
      <Filter>Generated Files\Debug</Filter>
    </ClCompile>
  </ItemGroup>
  <ItemGroup>
    <ClInclude Include="stdafx.h">
      <Filter>Header Files</Filter>
    </ClInclude>
    <ClInclude Include="designnet_core_def.h">
      <Filter>Header Files</Filter>
    </ClInclude>
    <ClInclude Include="designnet_global.h">
      <Filter>Header Files</Filter>
    </ClInclude>
    <ClInclude Include="property\propertyowner.h">
      <Filter>Header Files\property</Filter>
    </ClInclude>
    <ClInclude Include="designnetbase\datatype.h">
      <Filter>Header Files\designnetbase</Filter>
    </ClInclude>
  </ItemGroup>
  <ItemGroup>
    <None Include="designnet_core.pluginspec" />
  </ItemGroup>
  <ItemGroup>
    <CustomBuild Include="designnetcoreplugin.h">
      <Filter>Header Files</Filter>
    </CustomBuild>
    <CustomBuild Include="designnetmainwindow.h">
      <Filter>Header Files</Filter>
    </CustomBuild>
    <CustomBuild Include="designnetdocument.h">
      <Filter>Header Files</Filter>
    </CustomBuild>
    <CustomBuild Include="DesignNetEditor.h">
      <Filter>Header Files</Filter>
    </CustomBuild>
    <CustomBuild Include="designneteditorfactory.h">
      <Filter>Header Files</Filter>
    </CustomBuild>
    <CustomBuild Include="DesignNetManager.h">
      <Filter>Header Files</Filter>
    </CustomBuild>
    <CustomBuild Include="designnetsolutionwizard.h">
      <Filter>Header Files</Filter>
    </CustomBuild>
    <CustomBuild Include="designnetview.h">
      <Filter>Header Files</Filter>
    </CustomBuild>
    <CustomBuild Include="designnet.qrc">
      <Filter>Resource Files</Filter>
    </CustomBuild>
    <CustomBuild Include="property\boolproperty.h">
      <Filter>Header Files\property</Filter>
    </CustomBuild>
    <CustomBuild Include="property\ipropertywidgetfactory.h">
      <Filter>Header Files\property</Filter>
    </CustomBuild>
    <CustomBuild Include="property\normalpropertywidgetfactory.h">
      <Filter>Header Files\property</Filter>
    </CustomBuild>
    <CustomBuild Include="property\optionproperty.h">
      <Filter>Header Files\property</Filter>
    </CustomBuild>
    <CustomBuild Include="property\pathdialogproperty.h">
      <Filter>Header Files\property</Filter>
    </CustomBuild>
    <CustomBuild Include="property\property.h">
      <Filter>Header Files\property</Filter>
    </CustomBuild>
    <CustomBuild Include="property\propertymanager.h">
      <Filter>Header Files\property</Filter>
    </CustomBuild>
    <CustomBuild Include="widgets\boolpropertywidget.h">
      <Filter>Header Files\widgets</Filter>
    </CustomBuild>
    <CustomBuild Include="widgets\ipropertywidget.h">
      <Filter>Header Files\widgets</Filter>
    </CustomBuild>
    <CustomBuild Include="property\doublerangeproperty.h">
      <Filter>Header Files\property</Filter>
    </CustomBuild>
    <CustomBuild Include="designnetbase\port.h">
      <Filter>Header Files\designnetbase</Filter>
    </CustomBuild>
    <CustomBuild Include="designnetbase\Processor.h">
      <Filter>Header Files\designnetbase</Filter>
    </CustomBuild>
  </ItemGroup>
</Project>